{
  "version": 4,
  "terraform_version": "1.11.0",
  "serial": 62,
  "lineage": "813a909d-49b7-8c3e-285a-baefec05a298",
  "outputs": {
    "cluster_name": {
      "value": "hello-gke-cluster-development",
      "type": "string"
    }
  },
  "resources": [
    {
      "mode": "data",
      "type": "google_client_config",
      "name": "default",
      "provider": "provider[\"registry.terraform.io/hashicorp/google\"]",
      "instances": [
        {
          "schema_version": 0,
          "attributes": {
            "access_token": "ya29.a0AeXRPp7D_yyNVv6LAohvAdGpwgG05zThjmIHbCCUIkl1AefIASO7StmTtYeqk1YCMtmBGOm90Eq8sKI8UaCJov3lti0GDNJGj3B5jkEv41Hc9Xl2TM9Ka_KFDRSD4z2fAmFBoMPcCQcnW4CebcfdU6lfV1oRWT_2DIpjJXFMaCgYKAXkSARASFQHGX2MiM2aTEiYzfDXujbJ2mRGPvQ0175",
            "id": "projects/\u003cnull\u003e/regions/\u003cnull\u003e/zones/\u003cnull\u003e",
            "project": null,
            "region": null,
            "zone": null
          },
          "sensitive_attributes": [
            [
              {
                "type": "get_attr",
                "value": "access_token"
              }
            ]
          ]
        }
      ]
    },
    {
      "mode": "managed",
      "type": "local_file",
      "name": "kubeconfig",
      "provider": "provider[\"registry.terraform.io/hashicorp/local\"]",
      "instances": [
        {
          "schema_version": 0,
          "attributes": {
            "content": "apiVersion: v1\r\nclusters:\r\n- cluster:\r\n    certificate-authority-data: LS0tLS1CRUdJTiBDRVJUSUZJQ0FURS0tLS0tCk1JSUVMRENDQXBTZ0F3SUJBZ0lRY0NpMWFOZ3dzR0RGRVNVSE9ldWMwREFOQmdrcWhraUc5dzBCQVFzRkFEQXYKTVMwd0t3WURWUVFERXlRd1pEVTNZakE1T0Mwek56QmtMVFJpTkRBdE9HWmlOUzFrTkdKa05qWTRabVExTlRndwpJQmNOTWpVd01qSTRNRGcxTmpRMldoZ1BNakExTlRBeU1qRXdPVFUyTkRaYU1DOHhMVEFyQmdOVkJBTVRKREJrCk5UZGlNRGs0TFRNM01HUXROR0kwTUMwNFptSTFMV1EwWW1RMk5qaG1aRFUxT0RDQ0FhSXdEUVlKS29aSWh2Y04KQVFFQkJRQURnZ0dQQURDQ0FZb0NnZ0dCQU5SM24ySlJjZHZicTFCTDRaZFlIdlFxUmR2V2EzRkxDZGQ1dk5Wdgo3WWcySUpwelE0Zi9SWEtrMW82TjdZNndVRW5wRzdWRUR0bklwNXc4T3lnTkt6T29vbU5IdWdBYm1NVmZ4cHRPClc3dnNEWU44dlRrVkFxalNrNUVQU2MwcjJ5d2QyNkdPME92azlwcU1xVWhGR1dMc1FBV0JRUWNmSVFibHJIZVIKT0orZkUrbkxlSFNQME1oUlVFbkZnOU9qZ3pUbVRwWk9XY0pvdnBKSXUvQUNHc2lrOFdpeEJNUW9LTWlJTkUvaApZbk9HZWRKaXZvTU9pdWhseEJLdlNUNmpHb0JZaXJZMnRmVjczaGhFOGozSmhFbFdUTVptN1ZXOUNlQ2YzeFR3Ci9kKzdwZWQ5amZSLzNScmJUNHZkdzVubU9IMkRDc0UwQ0JJV0NCSVVOempEaFZkc1RLeW91dkZscFNnaW5zRW4KRFZmNzZuOGo3eWFDdVZQY24vUTdYblMyTS9qTjVXVm00Ym9ZOXVudFVHaXozZ0luTzVFbkc0TzJ0TnJQQmttLwo1RDlBUUF0NEQyQ3J6bzFuTmVNMWhxME85aXZ1a1VxNStZUEw4UWVXblBHQzIzdWd4c0dUZkF5Qko4NmtpTkdOCnIvQWppT2JHbjY4YzRyTmtqRm1SWm84K2J3SURBUUFCbzBJd1FEQU9CZ05WSFE4QkFmOEVCQU1DQWdRd0R3WUQKVlIwVEFRSC9CQVV3QXdFQi96QWRCZ05WSFE0RUZnUVVTakVlY0RjaUN1NFFUSmlzbXB5aFFqNlZNR0F3RFFZSgpLb1pJaHZjTkFRRUxCUUFEZ2dHQkFEMmNlUjRNamcwcmtRTnZOc21zckF3SlVuZEE1LzVsUzMwb3B2TjBsL25NCm1ndDE2Y1ZtV1JPc1BlU0JybzJsK3dzNUh0dGV1bVY2Y3JqSzNwUVl4RU5kekZMdkZ4bzFJZU52bmgyOEFlT2oKZkFYZVovWmtRS0pTQ0Z3eEJ0dVFvQ3VaTmQ1NWV2Vjl4a0c5cVFWeW1oR3VPb1NyVHZ2akUxUXVycjRoekdmRgpGU096OHhnMVZRbXRJb3UxQ1k2K3dONnhKZTJqU1FNTXVmTWtwWHFjaTZ0T1NaQTFpaldXb2x3eHlSejRlaVJWCkozNGd4YXNxcVZlTitRVi9QMGNGUU02R2ZWTERkUGFUVG1VSXNmbnpLZmNOSEN6amdhV1BkVUxibWR3RXNTUkIKMlV4eW1wZWJHZTU4MW40RW02NFk4NXQxSXBhRnhRSjhQU0Y3U2xwaHlVMkZVdlVCRTd4TzlwQ3JvVHFLdXVCOQoxWm52RUZaVExXTkE0TTJyS1UwVTh6b0E0bTRnNFNha1d3VGFtd2tZSnpISlB6dDZsYml0Z053SkN4ZUF4WTJjCk5EMnJPY2R4cFYyOWV2eEYxZUxDVzRRc3lBZlR0KzhpQUJHNGFSa1JBdmlHR256TW9rcXd4QlhZbUY0ZFZrQzgKSzh5ZEV6bUZSWG5kZXZoWlJraEFrUT09Ci0tLS0tRU5EIENFUlRJRklDQVRFLS0tLS0K\r\n    server: https://34.87.99.110\r\n  name: hello-gke-cluster-development\r\ncontexts:\r\n- context:\r\n    cluster: hello-gke-cluster-development\r\n    user: hello-gke-cluster-development\r\n  name: hello-gke-cluster-development\r\ncurrent-context: hello-gke-cluster-development\r\nkind: Config\r\npreferences: {}\r\nusers:\r\n- name: hello-gke-cluster-development\r\n  user:\r\n    token: ya29.a0AeXRPp6hTF8WlIXa9e-YhbM3vkQwmBGHeOPkB8MPS16OuOgggvD4YCu7BS3frP-QbsH2KWDDh_wJSGiUJvQ7o7yJ_SeqZXqqSmn54zqC-fsEJ4hpB1CJ0z8QRkfs-8Ek6nkPKwCiBhAK-FF5YUKiRaxB_0l1hF-Rz2mij3A5aCgYKAYgSARASFQHGX2Miutw7_mb81xn0OKpnd_TDrw0175\r\n",
            "content_base64": null,
            "content_base64sha256": "JAqkfD7/bnnb5uE/AwtpZnl3NqVD9MgVHNX4pIyxReQ=",
            "content_base64sha512": "Ge8moiNQyrjhdeV3DA3hBlvHylmfUH8jcijUjJ9GKIui1jr6VbL3yyzaQ94j5k/SRhq6hr3RHGNZzBkCwwwXGw==",
            "content_md5": "82c3eb99edc1c55eda87d902008aee6f",
            "content_sha1": "aca266ff746d1d6f5d8b8c81a1e0f86cb7c7e154",
            "content_sha256": "240aa47c3eff6e79dbe6e13f030b6966797736a543f4c8151cd5f8a48cb145e4",
            "content_sha512": "19ef26a22350cab8e175e5770c0de1065bc7ca599f507f237228d48c9f46288ba2d63afa55b2f7cb2cda43de23e64fd2461aba86bdd11c6359cc1902c30c171b",
            "directory_permission": "0777",
            "file_permission": "0777",
            "filename": "kubeconfig-development",
            "id": "aca266ff746d1d6f5d8b8c81a1e0f86cb7c7e154",
            "sensitive_content": null,
            "source": null
          },
          "sensitive_attributes": [
            [
              {
                "type": "get_attr",
                "value": "sensitive_content"
              }
            ],
            [
              {
                "type": "get_attr",
                "value": "content"
              }
            ]
          ],
          "dependencies": [
            "data.google_client_config.default",
            "module.gcp-network.module.subnets.google_compute_subnetwork.subnetwork",
            "module.gcp-network.module.vpc.google_compute_network.network",
            "module.gke.data.google_compute_subnetwork.gke_subnetwork",
            "module.gke.data.google_compute_zones.available",
            "module.gke.data.google_container_engine_versions.region",
            "module.gke.data.google_container_engine_versions.zone",
            "module.gke.google_compute_firewall.intra_egress",
            "module.gke.google_compute_firewall.master_webhooks",
            "module.gke.google_compute_firewall.shadow_allow_master",
            "module.gke.google_compute_firewall.shadow_allow_nodes",
            "module.gke.google_compute_firewall.shadow_allow_pods",
            "module.gke.google_container_cluster.primary",
            "module.gke.google_container_node_pool.pools",
            "module.gke.google_container_node_pool.windows_pools",
            "module.gke.google_project_iam_member.cluster_service_account-artifact-registry",
            "module.gke.google_project_iam_member.cluster_service_account-gcr",
            "module.gke.google_project_iam_member.cluster_service_account-log_writer",
            "module.gke.google_project_iam_member.cluster_service_account-metric_writer",
            "module.gke.google_project_iam_member.cluster_service_account-monitoring_viewer",
            "module.gke.google_project_iam_member.cluster_service_account-resourceMetadata-writer",
            "module.gke.google_service_account.cluster_service_account",
            "module.gke.kubernetes_config_map.ip-masq-agent",
            "module.gke.kubernetes_config_map_v1_data.kube-dns",
            "module.gke.kubernetes_config_map_v1_data.kube-dns-upstream-nameservers-and-stub-domains",
            "module.gke.kubernetes_config_map_v1_data.kube-dns-upstream-namservers",
            "module.gke.random_shuffle.available_zones",
            "module.gke.random_string.cluster_service_account_suffix",
            "module.gke_auth.data.google_client_config.provider",
            "module.gke_auth.data.google_container_cluster.gke_cluster"
          ]
        }
      ]
    },
    {
      "module": "module.gcp-network.module.subnets",
      "mode": "managed",
      "type": "google_compute_subnetwork",
      "name": "subnetwork",
      "provider": "provider[\"registry.terraform.io/hashicorp/google\"]",
      "instances": [
        {
          "index_key": "asia-southeast1/gke-subnet-development",
          "schema_version": 0,
          "attributes": {
            "creation_timestamp": "2025-02-28T01:56:04.621-08:00",
            "description": "",
            "external_ipv6_prefix": "",
            "fingerprint": null,
            "gateway_address": "10.10.0.1",
            "id": "projects/go-gke-hello-app/regions/asia-southeast1/subnetworks/gke-subnet-development",
            "internal_ipv6_prefix": "",
            "ip_cidr_range": "10.10.0.0/16",
            "ipv6_access_type": "",
            "ipv6_cidr_range": "",
            "log_config": [],
            "name": "gke-subnet-development",
            "network": "https://www.googleapis.com/compute/v1/projects/go-gke-hello-app/global/networks/gke-network-development",
            "private_ip_google_access": false,
            "private_ipv6_google_access": "DISABLE_GOOGLE_ACCESS",
            "project": "go-gke-hello-app",
            "purpose": "PRIVATE",
            "region": "asia-southeast1",
            "role": "",
            "secondary_ip_range": [
              {
                "ip_cidr_range": "10.20.0.0/16",
                "range_name": "ip-range-pods"
              },
              {
                "ip_cidr_range": "10.30.0.0/16",
                "range_name": "ip-range-services"
              }
            ],
            "self_link": "https://www.googleapis.com/compute/v1/projects/go-gke-hello-app/regions/asia-southeast1/subnetworks/gke-subnet-development",
            "stack_type": "IPV4_ONLY",
            "timeouts": null
          },
          "sensitive_attributes": [],
          "private": "eyJlMmJmYjczMC1lY2FhLTExZTYtOGY4OC0zNDM2M2JjN2M0YzAiOnsiY3JlYXRlIjoxMjAwMDAwMDAwMDAwLCJkZWxldGUiOjEyMDAwMDAwMDAwMDAsInVwZGF0ZSI6MTIwMDAwMDAwMDAwMH19",
          "dependencies": [
            "module.gcp-network.module.vpc.google_compute_network.network"
          ]
        }
      ]
    },
    {
      "module": "module.gcp-network.module.vpc",
      "mode": "managed",
      "type": "google_compute_network",
      "name": "network",
      "provider": "provider[\"registry.terraform.io/hashicorp/google\"]",
      "instances": [
        {
          "schema_version": 0,
          "attributes": {
            "auto_create_subnetworks": false,
            "delete_default_routes_on_create": false,
            "description": "",
            "enable_ula_internal_ipv6": false,
            "gateway_ipv4": "",
            "id": "projects/go-gke-hello-app/global/networks/gke-network-development",
            "internal_ipv6_range": "",
            "mtu": 0,
            "name": "gke-network-development",
            "network_firewall_policy_enforcement_order": "AFTER_CLASSIC_FIREWALL",
            "project": "go-gke-hello-app",
            "routing_mode": "GLOBAL",
            "self_link": "https://www.googleapis.com/compute/v1/projects/go-gke-hello-app/global/networks/gke-network-development",
            "timeouts": null
          },
          "sensitive_attributes": [],
          "private": "eyJlMmJmYjczMC1lY2FhLTExZTYtOGY4OC0zNDM2M2JjN2M0YzAiOnsiY3JlYXRlIjoxMjAwMDAwMDAwMDAwLCJkZWxldGUiOjEyMDAwMDAwMDAwMDAsInVwZGF0ZSI6MTIwMDAwMDAwMDAwMH19"
        }
      ]
    },
    {
      "module": "module.gke",
      "mode": "data",
      "type": "google_compute_zones",
      "name": "available",
      "provider": "provider[\"registry.terraform.io/hashicorp/google\"]",
      "instances": [
        {
          "schema_version": 0,
          "attributes": {
            "id": "projects/go-gke-hello-app/regions/asia-southeast1",
            "names": [
              "asia-southeast1-a",
              "asia-southeast1-b",
              "asia-southeast1-c"
            ],
            "project": "go-gke-hello-app",
            "region": "asia-southeast1",
            "status": null
          },
          "sensitive_attributes": []
        }
      ]
    },
    {
      "module": "module.gke",
      "mode": "data",
      "type": "google_container_engine_versions",
      "name": "region",
      "provider": "provider[\"registry.terraform.io/hashicorp/google\"]",
      "instances": [
        {
          "schema_version": 0,
          "attributes": {
            "default_cluster_version": "1.31.5-gke.1068000",
            "id": "2025-02-28 09:55:37.981984 +0000 UTC",
            "latest_master_version": "1.32.1-gke.1729000",
            "latest_node_version": "1.32.1-gke.1729000",
            "location": "asia-southeast1",
            "project": "go-gke-hello-app",
            "release_channel_default_version": {
              "EXTENDED": "1.31.5-gke.1068000",
              "RAPID": "1.32.1-gke.1489001",
              "REGULAR": "1.31.5-gke.1068000",
              "STABLE": "1.30.8-gke.1261000"
            },
            "release_channel_latest_version": {
              "EXTENDED": "1.32.1-gke.1357001",
              "RAPID": "1.32.1-gke.1729000",
              "REGULAR": "1.32.1-gke.1357001",
              "STABLE": "1.31.5-gke.1023000"
            },
            "valid_master_versions": [
              "1.32.1-gke.1729000",
              "1.32.1-gke.1489001",
              "1.32.1-gke.1357001",
              "1.32.1-gke.1200003",
              "1.31.6-gke.1020000",
              "1.31.5-gke.1233000",
              "1.31.5-gke.1169000",
              "1.31.5-gke.1068000",
              "1.31.5-gke.1023000",
              "1.31.4-gke.1372000",
              "1.30.10-gke.1022000",
              "1.30.9-gke.1231000",
              "1.30.9-gke.1201000",
              "1.30.9-gke.1127000",
              "1.30.9-gke.1046000",
              "1.30.9-gke.1009000",
              "1.30.8-gke.1261000",
              "1.30.8-gke.1162001",
              "1.29.14-gke.1018000",
              "1.29.13-gke.1169000",
              "1.29.13-gke.1109000",
              "1.29.13-gke.1038000",
              "1.29.13-gke.1006000",
              "1.29.12-gke.1270000"
            ],
            "valid_node_versions": [
              "1.32.1-gke.1729000",
              "1.32.1-gke.1489001",
              "1.32.1-gke.1357001",
              "1.32.1-gke.1200003",
              "1.31.6-gke.1020000",
              "1.31.5-gke.1233000",
              "1.31.5-gke.1169000",
              "1.31.5-gke.1068000",
              "1.31.5-gke.1023000",
              "1.31.4-gke.1372000",
              "1.31.4-gke.1256000",
              "1.31.4-gke.1249000",
              "1.31.4-gke.1183000",
              "1.31.4-gke.1177000",
              "1.31.4-gke.1072000",
              "1.31.3-gke.1162000",
              "1.31.3-gke.1121001",
              "1.31.3-gke.1056000",
              "1.31.3-gke.1023000",
              "1.31.3-gke.1006000",
              "1.31.2-gke.1518000",
              "1.31.2-gke.1384000",
              "1.31.2-gke.1354000",
              "1.31.2-gke.1115000",
              "1.31.1-gke.2105000",
              "1.31.1-gke.2008000",
              "1.31.1-gke.1846000",
              "1.31.1-gke.1678000",
              "1.31.1-gke.1146000",
              "1.30.10-gke.1022000",
              "1.30.9-gke.1231000",
              "1.30.9-gke.1201000",
              "1.30.9-gke.1127000",
              "1.30.9-gke.1046000",
              "1.30.9-gke.1027000",
              "1.30.9-gke.1009000",
              "1.30.8-gke.1282000",
              "1.30.8-gke.1261000",
              "1.30.8-gke.1224000",
              "1.30.8-gke.1162001",
              "1.30.8-gke.1162000",
              "1.30.8-gke.1133000",
              "1.30.8-gke.1128001",
              "1.30.8-gke.1128000",
              "1.30.8-gke.1051001",
              "1.30.8-gke.1051000",
              "1.30.7-gke.1136000",
              "1.30.7-gke.1084000",
              "1.30.7-gke.1077000",
              "1.30.6-gke.1596000",
              "1.30.6-gke.1125000",
              "1.30.6-gke.1059000",
              "1.30.5-gke.1713000",
              "1.30.5-gke.1699000",
              "1.30.5-gke.1628000",
              "1.30.5-gke.1443001",
              "1.30.5-gke.1355000",
              "1.30.5-gke.1145000",
              "1.30.5-gke.1014003",
              "1.30.5-gke.1014001",
              "1.30.5-gke.1014000",
              "1.30.4-gke.1476000",
              "1.30.4-gke.1348001",
              "1.30.4-gke.1348000",
              "1.30.4-gke.1282000",
              "1.30.4-gke.1213000",
              "1.30.4-gke.1129000",
              "1.30.3-gke.1969002",
              "1.30.3-gke.1969001",
              "1.30.3-gke.1639000",
              "1.30.3-gke.1451000",
              "1.30.3-gke.1225000",
              "1.30.2-gke.1587003",
              "1.30.1-gke.1329003",
              "1.29.14-gke.1018000",
              "1.29.13-gke.1169000",
              "1.29.13-gke.1109000",
              "1.29.13-gke.1038000",
              "1.29.13-gke.1006000",
              "1.29.12-gke.1270000",
              "1.29.12-gke.1143001",
              "1.29.12-gke.1143000",
              "1.29.12-gke.1126000",
              "1.29.12-gke.1120001",
              "1.29.12-gke.1120000",
              "1.29.12-gke.1055001",
              "1.29.12-gke.1055000",
              "1.29.11-gke.1045000",
              "1.29.11-gke.1012000",
              "1.29.10-gke.1280000",
              "1.29.10-gke.1227000",
              "1.29.10-gke.1155000",
              "1.29.10-gke.1071000",
              "1.29.10-gke.1054000",
              "1.29.10-gke.1043000",
              "1.29.9-gke.1541000",
              "1.29.9-gke.1496000",
              "1.29.9-gke.1341000",
              "1.29.9-gke.1177000",
              "1.29.8-gke.1278000",
              "1.29.8-gke.1211000",
              "1.29.8-gke.1157000",
              "1.29.8-gke.1096000",
              "1.29.8-gke.1057000",
              "1.29.8-gke.1031000",
              "1.29.7-gke.1274000",
              "1.29.7-gke.1174000",
              "1.29.7-gke.1104000",
              "1.29.7-gke.1008000",
              "1.29.6-gke.1326000",
              "1.29.6-gke.1254000",
              "1.29.6-gke.1137000",
              "1.29.6-gke.1038001",
              "1.29.6-gke.1038000",
              "1.29.5-gke.1192000",
              "1.29.5-gke.1121000",
              "1.29.5-gke.1091002",
              "1.29.5-gke.1091001",
              "1.29.5-gke.1091000",
              "1.29.5-gke.1060001",
              "1.29.5-gke.1060000",
              "1.29.5-gke.1010000",
              "1.29.4-gke.1670000",
              "1.29.4-gke.1542000",
              "1.29.4-gke.1447001",
              "1.29.4-gke.1447000",
              "1.29.4-gke.1165000",
              "1.29.4-gke.1043004",
              "1.29.4-gke.1043002",
              "1.29.4-gke.1043001",
              "1.29.4-gke.1043000",
              "1.29.3-gke.1282005",
              "1.29.3-gke.1282001",
              "1.29.3-gke.1282000",
              "1.29.3-gke.1093006",
              "1.29.3-gke.1093000",
              "1.29.2-gke.1521000",
              "1.29.2-gke.1217000",
              "1.29.2-gke.1060000",
              "1.29.1-gke.1589020",
              "1.29.1-gke.1589018",
              "1.29.1-gke.1589017",
              "1.29.1-gke.1589000",
              "1.29.1-gke.1575000",
              "1.29.1-gke.1425000",
              "1.29.1-gke.1016000",
              "1.29.0-gke.1381000",
              "1.28.15-gke.1844000",
              "1.28.15-gke.1781000",
              "1.28.15-gke.1720000",
              "1.28.15-gke.1673000",
              "1.28.15-gke.1641000",
              "1.28.15-gke.1612000",
              "1.28.15-gke.1503000",
              "1.28.15-gke.1488000",
              "1.28.15-gke.1480000",
              "1.28.15-gke.1435000",
              "1.28.15-gke.1388000",
              "1.28.15-gke.1362000",
              "1.28.15-gke.1344000",
              "1.28.15-gke.1342000",
              "1.28.15-gke.1159000",
              "1.28.15-gke.1080000",
              "1.28.15-gke.1041000",
              "1.28.15-gke.1020000",
              "1.28.15-gke.1015000",
              "1.28.14-gke.1376000",
              "1.28.14-gke.1340000",
              "1.28.14-gke.1217000",
              "1.28.14-gke.1175000",
              "1.28.14-gke.1099000",
              "1.28.14-gke.1004000",
              "1.28.13-gke.1119000",
              "1.28.13-gke.1078000",
              "1.28.13-gke.1049000",
              "1.28.13-gke.1042000",
              "1.28.13-gke.1024000",
              "1.28.13-gke.1006000",
              "1.28.12-gke.1179000",
              "1.28.12-gke.1090000",
              "1.28.12-gke.1052000",
              "1.28.11-gke.1315000",
              "1.28.11-gke.1289000",
              "1.28.11-gke.1260000",
              "1.28.11-gke.1172000",
              "1.28.11-gke.1170000",
              "1.28.11-gke.1019001",
              "1.28.11-gke.1019000",
              "1.28.10-gke.1148001",
              "1.28.10-gke.1148000",
              "1.28.10-gke.1141000",
              "1.28.10-gke.1089002",
              "1.28.10-gke.1089000",
              "1.28.10-gke.1075001",
              "1.28.10-gke.1075000",
              "1.28.10-gke.1058001",
              "1.28.10-gke.1058000",
              "1.28.10-gke.1012000",
              "1.28.9-gke.1289002",
              "1.28.9-gke.1289000",
              "1.28.9-gke.1250000",
              "1.28.9-gke.1209001",
              "1.28.9-gke.1209000",
              "1.28.9-gke.1069002",
              "1.28.9-gke.1069000",
              "1.28.9-gke.1000000",
              "1.28.8-gke.1175000",
              "1.28.8-gke.1095000",
              "1.28.7-gke.1226000",
              "1.28.7-gke.1026001",
              "1.28.7-gke.1026000",
              "1.28.6-gke.1456000",
              "1.28.6-gke.1369000",
              "1.28.6-gke.1289000",
              "1.28.6-gke.1095000",
              "1.28.5-gke.1217000",
              "1.28.4-gke.1083000",
              "1.28.3-gke.1286000",
              "1.28.3-gke.1203001",
              "1.28.3-gke.1203000",
              "1.28.3-gke.1118000",
              "1.28.3-gke.1098000",
              "1.28.3-gke.1090000",
              "1.28.2-gke.1157000",
              "1.27.16-gke.2451000",
              "1.27.16-gke.2440000",
              "1.27.16-gke.2387000",
              "1.27.16-gke.2342000",
              "1.27.16-gke.2296000",
              "1.27.16-gke.2270000",
              "1.27.16-gke.2246000",
              "1.27.16-gke.2142000",
              "1.27.16-gke.2122000",
              "1.27.16-gke.2081000",
              "1.27.16-gke.2051000",
              "1.27.16-gke.2027000",
              "1.27.16-gke.2019000",
              "1.27.16-gke.1836000",
              "1.27.16-gke.1784000",
              "1.27.16-gke.1742000",
              "1.27.16-gke.1712000",
              "1.27.16-gke.1681000",
              "1.27.16-gke.1576000",
              "1.27.16-gke.1478000",
              "1.27.16-gke.1373000",
              "1.27.16-gke.1342000",
              "1.27.16-gke.1296000",
              "1.27.16-gke.1287000",
              "1.27.16-gke.1258000",
              "1.27.16-gke.1234001",
              "1.27.16-gke.1234000",
              "1.27.16-gke.1148001",
              "1.27.16-gke.1148000",
              "1.27.16-gke.1082000",
              "1.27.16-gke.1051001",
              "1.27.16-gke.1051000",
              "1.27.16-gke.1008000",
              "1.27.15-gke.1252000",
              "1.27.15-gke.1154000",
              "1.27.15-gke.1125000",
              "1.27.15-gke.1012003",
              "1.27.15-gke.1012000",
              "1.27.14-gke.1100002",
              "1.27.14-gke.1100000",
              "1.27.14-gke.1093000",
              "1.27.14-gke.1059002",
              "1.27.14-gke.1059001",
              "1.27.14-gke.1059000",
              "1.27.14-gke.1042001",
              "1.27.14-gke.1042000",
              "1.27.14-gke.1022001",
              "1.27.14-gke.1022000",
              "1.27.14-gke.1011000",
              "1.27.13-gke.1201002",
              "1.27.13-gke.1201000",
              "1.27.13-gke.1166001",
              "1.27.13-gke.1166000",
              "1.27.13-gke.1070002",
              "1.27.13-gke.1070000",
              "1.27.13-gke.1000000",
              "1.27.12-gke.1190000",
              "1.27.12-gke.1115000",
              "1.27.11-gke.1202000",
              "1.27.11-gke.1118000",
              "1.27.11-gke.1062004",
              "1.27.11-gke.1062003",
              "1.27.11-gke.1062001",
              "1.27.11-gke.1062000",
              "1.27.11-gke.1018000",
              "1.27.10-gke.1207000",
              "1.27.10-gke.1152000",
              "1.27.10-gke.1055000",
              "1.27.9-gke.1092000",
              "1.27.8-gke.1067004",
              "1.27.8-gke.1067000",
              "1.27.7-gke.1293000",
              "1.27.7-gke.1121002",
              "1.27.7-gke.1121000",
              "1.27.7-gke.1088000",
              "1.27.7-gke.1056000",
              "1.27.7-gke.1038000",
              "1.27.6-gke.1506000",
              "1.27.6-gke.1445000",
              "1.27.6-gke.1248000",
              "1.27.5-gke.200",
              "1.27.4-gke.900",
              "1.27.3-gke.1700",
              "1.27.3-gke.100",
              "1.27.2-gke.2100",
              "1.27.2-gke.1200",
              "1.26.15-gke.1469001",
              "1.26.15-gke.1469000",
              "1.26.15-gke.1436000",
              "1.26.15-gke.1404002",
              "1.26.15-gke.1404000",
              "1.26.15-gke.1390001",
              "1.26.15-gke.1390000",
              "1.26.15-gke.1381001",
              "1.26.15-gke.1381000",
              "1.26.15-gke.1372001",
              "1.26.15-gke.1360000",
              "1.26.15-gke.1320002",
              "1.26.15-gke.1320000",
              "1.26.15-gke.1300001",
              "1.26.15-gke.1300000",
              "1.26.15-gke.1243000",
              "1.26.15-gke.1191001",
              "1.26.15-gke.1191000",
              "1.26.15-gke.1158000",
              "1.26.15-gke.1090004",
              "1.26.15-gke.1090000",
              "1.26.14-gke.1133000",
              "1.26.14-gke.1076000",
              "1.26.14-gke.1044001",
              "1.26.14-gke.1044000",
              "1.26.14-gke.1006000",
              "1.26.13-gke.1189000",
              "1.26.13-gke.1144000",
              "1.26.13-gke.1052000",
              "1.26.12-gke.1111000",
              "1.26.11-gke.1055000",
              "1.26.10-gke.1235000",
              "1.26.10-gke.1101000",
              "1.26.10-gke.1073000",
              "1.26.10-gke.1038000",
              "1.26.10-gke.1024000",
              "1.26.9-gke.1507000",
              "1.26.9-gke.1437000",
              "1.26.8-gke.200",
              "1.26.7-gke.500",
              "1.26.6-gke.1700",
              "1.26.5-gke.2700",
              "1.26.5-gke.2100",
              "1.26.5-gke.1400",
              "1.26.5-gke.1200",
              "1.26.4-gke.1400",
              "1.26.4-gke.500",
              "1.26.3-gke.1000",
              "1.26.3-gke.400",
              "1.26.2-gke.1000",
              "1.26.1-gke.1500",
              "1.25.16-gke.1759000",
              "1.25.16-gke.1711000",
              "1.25.16-gke.1648000",
              "1.25.16-gke.1596000",
              "1.25.16-gke.1570000",
              "1.25.16-gke.1537000",
              "1.25.16-gke.1497000",
              "1.25.16-gke.1460000",
              "1.25.16-gke.1360000",
              "1.25.16-gke.1268000",
              "1.25.16-gke.1041000",
              "1.25.16-gke.1020000",
              "1.25.15-gke.1115000",
              "1.25.15-gke.1083000",
              "1.25.15-gke.1049000",
              "1.25.15-gke.1033000",
              "1.25.14-gke.1474000",
              "1.25.14-gke.1421000",
              "1.25.13-gke.200",
              "1.25.12-gke.500",
              "1.25.11-gke.1700",
              "1.25.10-gke.2700",
              "1.25.10-gke.2100",
              "1.25.10-gke.1400",
              "1.25.10-gke.1200",
              "1.25.9-gke.2300",
              "1.25.9-gke.400",
              "1.25.8-gke.1000",
              "1.25.8-gke.500",
              "1.25.7-gke.1000",
              "1.25.6-gke.1000",
              "1.25.6-gke.200",
              "1.25.5-gke.2000",
              "1.25.5-gke.1500",
              "1.25.4-gke.2100",
              "1.25.3-gke.800",
              "1.24.17-gke.2472000",
              "1.24.17-gke.2364000",
              "1.24.17-gke.2347000",
              "1.24.17-gke.2266000",
              "1.24.17-gke.2230000",
              "1.24.17-gke.2211000",
              "1.24.17-gke.2198000",
              "1.24.17-gke.2155000",
              "1.24.17-gke.2113000",
              "1.24.17-gke.200",
              "1.24.16-gke.500",
              "1.24.15-gke.1700",
              "1.24.14-gke.2700",
              "1.24.14-gke.2100",
              "1.24.14-gke.1400",
              "1.24.14-gke.1200",
              "1.24.13-gke.2500",
              "1.24.13-gke.500",
              "1.24.12-gke.1000",
              "1.24.12-gke.500",
              "1.24.11-gke.1000",
              "1.24.10-gke.2300",
              "1.24.10-gke.1200",
              "1.24.9-gke.3200",
              "1.24.9-gke.2000",
              "1.24.9-gke.1500",
              "1.24.8-gke.2000",
              "1.24.8-gke.401",
              "1.24.7-gke.900",
              "1.24.6-gke.1500",
              "1.24.5-gke.600",
              "1.24.4-gke.800",
              "1.24.3-gke.2100",
              "1.24.3-gke.900",
              "1.24.3-gke.200",
              "1.24.2-gke.1900",
              "1.24.2-gke.300",
              "1.24.1-gke.1800",
              "1.24.1-gke.1400",
              "1.23.17-gke.10700",
              "1.23.17-gke.10000",
              "1.23.17-gke.8400",
              "1.23.17-gke.7700",
              "1.23.17-gke.7000",
              "1.23.17-gke.6800",
              "1.23.17-gke.5600",
              "1.23.17-gke.3600",
              "1.23.17-gke.2000",
              "1.23.17-gke.1700",
              "1.23.17-gke.300",
              "1.23.16-gke.2500",
              "1.23.16-gke.1400",
              "1.23.16-gke.1100",
              "1.23.16-gke.200",
              "1.23.15-gke.1900",
              "1.23.15-gke.1400",
              "1.23.14-gke.1800",
              "1.23.14-gke.401",
              "1.23.13-gke.900",
              "1.23.12-gke.1600",
              "1.23.12-gke.100",
              "1.23.11-gke.300",
              "1.23.10-gke.1000",
              "1.23.9-gke.2100",
              "1.23.9-gke.900",
              "1.23.8-gke.1900",
              "1.23.8-gke.400",
              "1.23.7-gke.1400",
              "1.23.6-gke.2200",
              "1.23.6-gke.1700",
              "1.23.6-gke.1501",
              "1.23.6-gke.1500",
              "1.23.5-gke.2400",
              "1.23.5-gke.1503",
              "1.23.5-gke.1501",
              "1.22.17-gke.14100",
              "1.22.17-gke.13400",
              "1.22.17-gke.12700",
              "1.22.17-gke.11400",
              "1.22.17-gke.9400",
              "1.22.17-gke.8000",
              "1.22.17-gke.7500",
              "1.22.17-gke.6100",
              "1.22.17-gke.5400",
              "1.22.17-gke.4300",
              "1.22.17-gke.4000",
              "1.22.17-gke.3100",
              "1.22.17-gke.1900",
              "1.22.17-gke.1400",
              "1.22.16-gke.2000",
              "1.22.16-gke.1300",
              "1.22.15-gke.2500",
              "1.22.15-gke.1000",
              "1.22.15-gke.100",
              "1.22.14-gke.300",
              "1.22.13-gke.1000",
              "1.22.12-gke.2300",
              "1.22.12-gke.1200",
              "1.22.12-gke.500",
              "1.22.12-gke.300",
              "1.22.11-gke.400",
              "1.22.10-gke.600",
              "1.22.9-gke.2000",
              "1.22.9-gke.1500",
              "1.22.9-gke.1300",
              "1.22.8-gke.2200",
              "1.22.8-gke.202",
              "1.22.8-gke.201",
              "1.22.8-gke.200",
              "1.22.7-gke.1500",
              "1.22.7-gke.1300",
              "1.22.7-gke.900",
              "1.22.7-gke.300",
              "1.22.6-gke.1000",
              "1.22.6-gke.300",
              "1.22.4-gke.1501",
              "1.22.3-gke.1500",
              "1.21.14-gke.18800",
              "1.21.14-gke.18100",
              "1.21.14-gke.15800",
              "1.21.14-gke.14600",
              "1.21.14-gke.14100",
              "1.21.14-gke.8500",
              "1.21.14-gke.7100",
              "1.21.14-gke.5300",
              "1.21.14-gke.4300",
              "1.21.14-gke.3000",
              "1.21.14-gke.2700",
              "1.21.14-gke.2100",
              "1.21.14-gke.700",
              "1.21.13-gke.900",
              "1.21.12-gke.2200",
              "1.21.12-gke.1700",
              "1.21.12-gke.1500",
              "1.21.11-gke.1900",
              "1.21.11-gke.1100",
              "1.21.11-gke.900",
              "1.21.10-gke.2000",
              "1.21.10-gke.1500",
              "1.21.10-gke.1300",
              "1.21.10-gke.400",
              "1.21.9-gke.1002",
              "1.21.9-gke.1001",
              "1.21.9-gke.1000",
              "1.21.9-gke.300",
              "1.21.6-gke.1503",
              "1.21.6-gke.1501",
              "1.21.6-gke.1500",
              "1.21.5-gke.1805",
              "1.21.5-gke.1802",
              "1.21.5-gke.1302",
              "1.21.5-gke.1300",
              "1.21.4-gke.2302",
              "1.21.4-gke.2300",
              "1.21.3-gke.2003",
              "1.21.3-gke.2001",
              "1.20.15-gke.13700",
              "1.20.15-gke.13400",
              "1.20.15-gke.12800",
              "1.20.15-gke.11400",
              "1.20.15-gke.9900",
              "1.20.15-gke.8700",
              "1.20.15-gke.8200",
              "1.20.15-gke.8000",
              "1.20.15-gke.6000",
              "1.20.15-gke.5200",
              "1.20.15-gke.5000",
              "1.20.15-gke.4100",
              "1.20.15-gke.3600",
              "1.20.15-gke.3400",
              "1.20.15-gke.2500",
              "1.20.15-gke.1000",
              "1.20.15-gke.300",
              "1.20.12-gke.1500",
              "1.20.11-gke.1801",
              "1.20.11-gke.1300",
              "1.20.10-gke.2100",
              "1.20.10-gke.1600",
              "1.20.10-gke.301",
              "1.20.9-gke.2100",
              "1.20.9-gke.1001",
              "1.20.9-gke.1000",
              "1.20.9-gke.701",
              "1.20.9-gke.700",
              "1.20.8-gke.2101",
              "1.20.8-gke.2100",
              "1.20.8-gke.900",
              "1.20.8-gke.700",
              "1.20.7-gke.2200",
              "1.20.7-gke.1800",
              "1.20.6-gke.1400",
              "1.20.6-gke.1000",
              "1.19.16-gke.15700",
              "1.19.16-gke.14500",
              "1.19.16-gke.14000",
              "1.19.16-gke.13800",
              "1.19.16-gke.11800",
              "1.19.16-gke.11000",
              "1.19.16-gke.10800",
              "1.19.16-gke.9900",
              "1.19.16-gke.9400",
              "1.19.16-gke.9200",
              "1.19.16-gke.8300",
              "1.19.16-gke.6800",
              "1.19.16-gke.6100",
              "1.19.16-gke.3600",
              "1.19.15-gke.1801",
              "1.19.15-gke.1300",
              "1.19.15-gke.500",
              "1.19.14-gke.2300",
              "1.19.14-gke.1900",
              "1.19.14-gke.301",
              "1.19.14-gke.300",
              "1.19.13-gke.1900",
              "1.19.13-gke.1200",
              "1.19.13-gke.701",
              "1.19.13-gke.700",
              "1.19.12-gke.2101",
              "1.19.12-gke.2100",
              "1.19.12-gke.1100",
              "1.19.12-gke.900",
              "1.19.12-gke.700",
              "1.19.11-gke.2101",
              "1.19.11-gke.2100",
              "1.19.11-gke.1701",
              "1.19.11-gke.1700",
              "1.19.10-gke.1701",
              "1.19.10-gke.1700",
              "1.19.10-gke.1601",
              "1.19.10-gke.1600",
              "1.19.10-gke.1001",
              "1.19.10-gke.1000",
              "1.19.9-gke.1900",
              "1.19.9-gke.1400",
              "1.19.9-gke.700",
              "1.19.9-gke.100",
              "1.19.8-gke.2000",
              "1.19.8-gke.1600",
              "1.19.8-gke.1000",
              "1.19.7-gke.2503",
              "1.19.7-gke.1500",
              "1.19.7-gke.1302",
              "1.19.7-gke.800",
              "1.19.6-gke.1700",
              "1.19.6-gke.1100",
              "1.19.6-gke.600",
              "1.18.20-gke.6101",
              "1.18.20-gke.6000",
              "1.18.20-gke.4501",
              "1.18.20-gke.4500",
              "1.18.20-gke.4100",
              "1.18.20-gke.3300",
              "1.18.20-gke.3001",
              "1.18.20-gke.3000",
              "1.18.20-gke.2300",
              "1.18.20-gke.901",
              "1.18.20-gke.900",
              "1.18.20-gke.501",
              "1.18.19-gke.2101",
              "1.18.19-gke.2100",
              "1.18.19-gke.1701",
              "1.18.19-gke.1700",
              "1.18.18-gke.1701",
              "1.18.18-gke.1700",
              "1.18.18-gke.1101",
              "1.18.18-gke.1100",
              "1.18.17-gke.1901",
              "1.18.17-gke.1900",
              "1.18.17-gke.1201",
              "1.18.17-gke.1200",
              "1.18.17-gke.700",
              "1.18.17-gke.100",
              "1.18.16-gke.2100",
              "1.18.16-gke.1201",
              "1.18.16-gke.1200",
              "1.18.16-gke.502",
              "1.18.16-gke.500",
              "1.18.16-gke.302",
              "1.18.16-gke.300",
              "1.18.15-gke.2500",
              "1.18.15-gke.1502",
              "1.18.15-gke.1501",
              "1.18.15-gke.1500",
              "1.18.15-gke.1102",
              "1.18.15-gke.1100",
              "1.18.15-gke.800",
              "1.18.14-gke.1600",
              "1.18.14-gke.1200",
              "1.18.12-gke.1210",
              "1.18.12-gke.1206",
              "1.18.12-gke.1205",
              "1.18.12-gke.1201",
              "1.18.12-gke.1200",
              "1.18.12-gke.300",
              "1.18.10-gke.2701",
              "1.18.10-gke.2101",
              "1.18.10-gke.1500",
              "1.18.10-gke.601",
              "1.18.9-gke.2501",
              "1.18.9-gke.1501",
              "1.18.9-gke.801",
              "1.18.6-gke.4801",
              "1.18.6-gke.3504",
              "1.18.6-gke.3503",
              "1.17.17-gke.9100",
              "1.17.17-gke.8500",
              "1.17.17-gke.8200",
              "1.17.17-gke.7800",
              "1.17.17-gke.7200",
              "1.17.17-gke.6700",
              "1.17.17-gke.6000",
              "1.17.17-gke.5400",
              "1.17.17-gke.4900",
              "1.17.17-gke.4400",
              "1.17.17-gke.3700",
              "1.17.17-gke.3000",
              "1.17.17-gke.2800",
              "1.17.17-gke.2500",
              "1.17.17-gke.1500",
              "1.17.17-gke.1101",
              "1.17.17-gke.1100",
              "1.17.17-gke.600",
              "1.17.16-gke.1600",
              "1.17.16-gke.1300",
              "1.17.15-gke.800",
              "1.17.15-gke.300",
              "1.17.14-gke.1600",
              "1.17.14-gke.1200",
              "1.17.14-gke.400",
              "1.17.13-gke.2600",
              "1.17.13-gke.2001",
              "1.17.13-gke.1401",
              "1.17.13-gke.1400",
              "1.17.13-gke.600",
              "1.17.12-gke.2502",
              "1.17.12-gke.1504",
              "1.17.12-gke.1501",
              "1.17.12-gke.500",
              "1.17.9-gke.6300",
              "1.17.9-gke.1504",
              "1.16.15-gke.14800",
              "1.16.15-gke.12500",
              "1.16.15-gke.11800",
              "1.16.15-gke.10600",
              "1.16.15-gke.7801",
              "1.16.15-gke.7800",
              "1.16.15-gke.7300",
              "1.16.15-gke.6900",
              "1.16.15-gke.6000",
              "1.16.15-gke.5500",
              "1.16.15-gke.4901",
              "1.16.15-gke.4301",
              "1.16.15-gke.4300",
              "1.16.15-gke.3500",
              "1.16.15-gke.2601",
              "1.16.15-gke.1600",
              "1.16.15-gke.500",
              "1.16.13-gke.404",
              "1.16.13-gke.403",
              "1.16.13-gke.401",
              "1.16.13-gke.400",
              "1.16.13-gke.1",
              "1.16.11-gke.5",
              "1.16.10-gke.8",
              "1.16.9-gke.6",
              "1.16.9-gke.2",
              "1.16.8-gke.15",
              "1.16.8-gke.12",
              "1.16.8-gke.9",
              "1.15.12-gke.6002",
              "1.15.12-gke.6001",
              "1.15.12-gke.5000",
              "1.15.12-gke.4002",
              "1.15.12-gke.4000",
              "1.15.12-gke.20",
              "1.15.12-gke.17",
              "1.15.12-gke.16",
              "1.15.12-gke.13",
              "1.15.12-gke.9",
              "1.15.12-gke.6",
              "1.15.12-gke.3",
              "1.15.12-gke.2",
              "1.15.11-gke.17",
              "1.15.11-gke.15",
              "1.15.11-gke.13",
              "1.15.11-gke.12",
              "1.15.11-gke.11",
              "1.15.11-gke.9",
              "1.15.11-gke.5",
              "1.15.11-gke.3",
              "1.15.11-gke.1",
              "1.15.9-gke.26",
              "1.15.9-gke.24",
              "1.15.9-gke.22",
              "1.15.9-gke.12",
              "1.15.9-gke.9",
              "1.15.9-gke.8",
              "1.15.8-gke.3",
              "1.15.8-gke.2",
              "1.15.7-gke.23",
              "1.15.7-gke.2",
              "1.15.4-gke.22",
              "1.14.10-gke.1504",
              "1.14.10-gke.902",
              "1.14.10-gke.50",
              "1.14.10-gke.46",
              "1.14.10-gke.45",
              "1.14.10-gke.42",
              "1.14.10-gke.41",
              "1.14.10-gke.40",
              "1.14.10-gke.37",
              "1.14.10-gke.36",
              "1.14.10-gke.34",
              "1.14.10-gke.32",
              "1.14.10-gke.31",
              "1.14.10-gke.27",
              "1.14.10-gke.24",
              "1.14.10-gke.22",
              "1.14.10-gke.21",
              "1.14.10-gke.17",
              "1.14.10-gke.0",
              "1.14.9-gke.23",
              "1.14.9-gke.2",
              "1.14.9-gke.0",
              "1.14.8-gke.33",
              "1.14.8-gke.21",
              "1.14.8-gke.18",
              "1.14.8-gke.17",
              "1.14.8-gke.14",
              "1.14.8-gke.12",
              "1.14.8-gke.7",
              "1.14.8-gke.2",
              "1.14.7-gke.40",
              "1.14.7-gke.25",
              "1.14.7-gke.23",
              "1.14.7-gke.17",
              "1.14.7-gke.14",
              "1.14.7-gke.10",
              "1.14.6-gke.13",
              "1.14.6-gke.2",
              "1.14.6-gke.1",
              "1.14.3-gke.11",
              "1.14.3-gke.10",
              "1.14.3-gke.9",
              "1.14.2-gke.9",
              "1.14.1-gke.5",
              "1.13.12-gke.30",
              "1.13.12-gke.25",
              "1.13.12-gke.17",
              "1.13.12-gke.16",
              "1.13.12-gke.14",
              "1.13.12-gke.13",
              "1.13.12-gke.10",
              "1.13.12-gke.8",
              "1.13.12-gke.4",
              "1.13.12-gke.2",
              "1.13.11-gke.23",
              "1.13.11-gke.15",
              "1.13.11-gke.14",
              "1.13.11-gke.12",
              "1.13.11-gke.11",
              "1.13.11-gke.9",
              "1.13.11-gke.5",
              "1.13.10-gke.7",
              "1.13.10-gke.0",
              "1.13.9-gke.11",
              "1.13.9-gke.3",
              "1.13.7-gke.24",
              "1.13.7-gke.19",
              "1.13.7-gke.15",
              "1.13.7-gke.8",
              "1.13.7-gke.0",
              "1.13.6-gke.13",
              "1.13.6-gke.6",
              "1.13.6-gke.5",
              "1.13.6-gke.0",
              "1.13.5-gke.10",
              "1.12.10-gke.22",
              "1.12.10-gke.20",
              "1.12.10-gke.19",
              "1.12.10-gke.18",
              "1.12.10-gke.17",
              "1.12.10-gke.15",
              "1.12.10-gke.13",
              "1.12.10-gke.11",
              "1.12.10-gke.5",
              "1.12.9-gke.16",
              "1.12.9-gke.15",
              "1.12.9-gke.13",
              "1.12.9-gke.10",
              "1.12.9-gke.7",
              "1.12.9-gke.3",
              "1.12.8-gke.12",
              "1.12.8-gke.10",
              "1.12.8-gke.7",
              "1.12.8-gke.6",
              "1.12.7-gke.26",
              "1.12.7-gke.25",
              "1.12.7-gke.24",
              "1.12.7-gke.22",
              "1.12.7-gke.21",
              "1.12.7-gke.17",
              "1.12.7-gke.10",
              "1.12.7-gke.7",
              "1.12.6-gke.11",
              "1.12.6-gke.10",
              "1.12.6-gke.7",
              "1.12.5-gke.10",
              "1.12.5-gke.5",
              "1.11.10-gke.6",
              "1.11.10-gke.5"
            ],
            "version_prefix": null
          },
          "sensitive_attributes": []
        }
      ]
    },
    {
      "module": "module.gke",
      "mode": "data",
      "type": "google_container_engine_versions",
      "name": "zone",
      "provider": "provider[\"registry.terraform.io/hashicorp/google\"]",
      "instances": [
        {
          "schema_version": 0,
          "attributes": {
            "default_cluster_version": "1.31.5-gke.1068000",
            "id": "2025-02-28 09:55:38.5016882 +0000 UTC",
            "latest_master_version": "1.32.1-gke.1729000",
            "latest_node_version": "1.32.1-gke.1729000",
            "location": "asia-southeast1-a",
            "project": "go-gke-hello-app",
            "release_channel_default_version": {
              "EXTENDED": "1.31.5-gke.1068000",
              "RAPID": "1.32.1-gke.1489001",
              "REGULAR": "1.31.5-gke.1068000",
              "STABLE": "1.30.8-gke.1261000"
            },
            "release_channel_latest_version": {
              "EXTENDED": "1.32.1-gke.1357001",
              "RAPID": "1.32.1-gke.1729000",
              "REGULAR": "1.32.1-gke.1357001",
              "STABLE": "1.31.5-gke.1023000"
            },
            "valid_master_versions": [
              "1.32.1-gke.1729000",
              "1.32.1-gke.1489001",
              "1.32.1-gke.1357001",
              "1.32.1-gke.1200003",
              "1.31.6-gke.1020000",
              "1.31.5-gke.1233000",
              "1.31.5-gke.1169000",
              "1.31.5-gke.1068000",
              "1.31.5-gke.1023000",
              "1.31.4-gke.1372000",
              "1.30.10-gke.1022000",
              "1.30.9-gke.1231000",
              "1.30.9-gke.1201000",
              "1.30.9-gke.1127000",
              "1.30.9-gke.1046000",
              "1.30.9-gke.1009000",
              "1.30.8-gke.1261000",
              "1.30.8-gke.1162001",
              "1.29.14-gke.1018000",
              "1.29.13-gke.1169000",
              "1.29.13-gke.1109000",
              "1.29.13-gke.1038000",
              "1.29.13-gke.1006000",
              "1.29.12-gke.1270000"
            ],
            "valid_node_versions": [
              "1.32.1-gke.1729000",
              "1.32.1-gke.1489001",
              "1.32.1-gke.1357001",
              "1.32.1-gke.1200003",
              "1.31.6-gke.1020000",
              "1.31.5-gke.1233000",
              "1.31.5-gke.1169000",
              "1.31.5-gke.1068000",
              "1.31.5-gke.1023000",
              "1.31.4-gke.1372000",
              "1.31.4-gke.1256000",
              "1.31.4-gke.1249000",
              "1.31.4-gke.1183000",
              "1.31.4-gke.1177000",
              "1.31.4-gke.1072000",
              "1.31.3-gke.1162000",
              "1.31.3-gke.1121001",
              "1.31.3-gke.1056000",
              "1.31.3-gke.1023000",
              "1.31.3-gke.1006000",
              "1.31.2-gke.1518000",
              "1.31.2-gke.1384000",
              "1.31.2-gke.1354000",
              "1.31.2-gke.1115000",
              "1.31.1-gke.2105000",
              "1.31.1-gke.2008000",
              "1.31.1-gke.1846000",
              "1.31.1-gke.1678000",
              "1.31.1-gke.1146000",
              "1.30.10-gke.1022000",
              "1.30.9-gke.1231000",
              "1.30.9-gke.1201000",
              "1.30.9-gke.1127000",
              "1.30.9-gke.1046000",
              "1.30.9-gke.1027000",
              "1.30.9-gke.1009000",
              "1.30.8-gke.1282000",
              "1.30.8-gke.1261000",
              "1.30.8-gke.1224000",
              "1.30.8-gke.1162001",
              "1.30.8-gke.1162000",
              "1.30.8-gke.1133000",
              "1.30.8-gke.1128001",
              "1.30.8-gke.1128000",
              "1.30.8-gke.1051001",
              "1.30.8-gke.1051000",
              "1.30.7-gke.1136000",
              "1.30.7-gke.1084000",
              "1.30.7-gke.1077000",
              "1.30.6-gke.1596000",
              "1.30.6-gke.1125000",
              "1.30.6-gke.1059000",
              "1.30.5-gke.1713000",
              "1.30.5-gke.1699000",
              "1.30.5-gke.1628000",
              "1.30.5-gke.1443001",
              "1.30.5-gke.1355000",
              "1.30.5-gke.1145000",
              "1.30.5-gke.1014003",
              "1.30.5-gke.1014001",
              "1.30.5-gke.1014000",
              "1.30.4-gke.1476000",
              "1.30.4-gke.1348001",
              "1.30.4-gke.1348000",
              "1.30.4-gke.1282000",
              "1.30.4-gke.1213000",
              "1.30.4-gke.1129000",
              "1.30.3-gke.1969002",
              "1.30.3-gke.1969001",
              "1.30.3-gke.1639000",
              "1.30.3-gke.1451000",
              "1.30.3-gke.1225000",
              "1.30.2-gke.1587003",
              "1.30.1-gke.1329003",
              "1.29.14-gke.1018000",
              "1.29.13-gke.1169000",
              "1.29.13-gke.1109000",
              "1.29.13-gke.1038000",
              "1.29.13-gke.1006000",
              "1.29.12-gke.1270000",
              "1.29.12-gke.1143001",
              "1.29.12-gke.1143000",
              "1.29.12-gke.1126000",
              "1.29.12-gke.1120001",
              "1.29.12-gke.1120000",
              "1.29.12-gke.1055001",
              "1.29.12-gke.1055000",
              "1.29.11-gke.1045000",
              "1.29.11-gke.1012000",
              "1.29.10-gke.1280000",
              "1.29.10-gke.1227000",
              "1.29.10-gke.1155000",
              "1.29.10-gke.1071000",
              "1.29.10-gke.1054000",
              "1.29.10-gke.1043000",
              "1.29.9-gke.1541000",
              "1.29.9-gke.1496000",
              "1.29.9-gke.1341000",
              "1.29.9-gke.1177000",
              "1.29.8-gke.1278000",
              "1.29.8-gke.1211000",
              "1.29.8-gke.1157000",
              "1.29.8-gke.1096000",
              "1.29.8-gke.1057000",
              "1.29.8-gke.1031000",
              "1.29.7-gke.1274000",
              "1.29.7-gke.1174000",
              "1.29.7-gke.1104000",
              "1.29.7-gke.1008000",
              "1.29.6-gke.1326000",
              "1.29.6-gke.1254000",
              "1.29.6-gke.1137000",
              "1.29.6-gke.1038001",
              "1.29.6-gke.1038000",
              "1.29.5-gke.1192000",
              "1.29.5-gke.1121000",
              "1.29.5-gke.1091002",
              "1.29.5-gke.1091001",
              "1.29.5-gke.1091000",
              "1.29.5-gke.1060001",
              "1.29.5-gke.1060000",
              "1.29.5-gke.1010000",
              "1.29.4-gke.1670000",
              "1.29.4-gke.1542000",
              "1.29.4-gke.1447001",
              "1.29.4-gke.1447000",
              "1.29.4-gke.1165000",
              "1.29.4-gke.1043004",
              "1.29.4-gke.1043002",
              "1.29.4-gke.1043001",
              "1.29.4-gke.1043000",
              "1.29.3-gke.1282005",
              "1.29.3-gke.1282001",
              "1.29.3-gke.1282000",
              "1.29.3-gke.1093006",
              "1.29.3-gke.1093000",
              "1.29.2-gke.1521000",
              "1.29.2-gke.1217000",
              "1.29.2-gke.1060000",
              "1.29.1-gke.1589020",
              "1.29.1-gke.1589018",
              "1.29.1-gke.1589017",
              "1.29.1-gke.1589000",
              "1.29.1-gke.1575000",
              "1.29.1-gke.1425000",
              "1.29.1-gke.1016000",
              "1.29.0-gke.1381000",
              "1.28.15-gke.1844000",
              "1.28.15-gke.1781000",
              "1.28.15-gke.1720000",
              "1.28.15-gke.1673000",
              "1.28.15-gke.1641000",
              "1.28.15-gke.1612000",
              "1.28.15-gke.1503000",
              "1.28.15-gke.1488000",
              "1.28.15-gke.1480000",
              "1.28.15-gke.1435000",
              "1.28.15-gke.1388000",
              "1.28.15-gke.1362000",
              "1.28.15-gke.1344000",
              "1.28.15-gke.1342000",
              "1.28.15-gke.1159000",
              "1.28.15-gke.1080000",
              "1.28.15-gke.1041000",
              "1.28.15-gke.1020000",
              "1.28.15-gke.1015000",
              "1.28.14-gke.1376000",
              "1.28.14-gke.1340000",
              "1.28.14-gke.1217000",
              "1.28.14-gke.1175000",
              "1.28.14-gke.1099000",
              "1.28.14-gke.1004000",
              "1.28.13-gke.1119000",
              "1.28.13-gke.1078000",
              "1.28.13-gke.1049000",
              "1.28.13-gke.1042000",
              "1.28.13-gke.1024000",
              "1.28.13-gke.1006000",
              "1.28.12-gke.1179000",
              "1.28.12-gke.1090000",
              "1.28.12-gke.1052000",
              "1.28.11-gke.1315000",
              "1.28.11-gke.1289000",
              "1.28.11-gke.1260000",
              "1.28.11-gke.1172000",
              "1.28.11-gke.1170000",
              "1.28.11-gke.1019001",
              "1.28.11-gke.1019000",
              "1.28.10-gke.1148001",
              "1.28.10-gke.1148000",
              "1.28.10-gke.1141000",
              "1.28.10-gke.1089002",
              "1.28.10-gke.1089000",
              "1.28.10-gke.1075001",
              "1.28.10-gke.1075000",
              "1.28.10-gke.1058001",
              "1.28.10-gke.1058000",
              "1.28.10-gke.1012000",
              "1.28.9-gke.1289002",
              "1.28.9-gke.1289000",
              "1.28.9-gke.1250000",
              "1.28.9-gke.1209001",
              "1.28.9-gke.1209000",
              "1.28.9-gke.1069002",
              "1.28.9-gke.1069000",
              "1.28.9-gke.1000000",
              "1.28.8-gke.1175000",
              "1.28.8-gke.1095000",
              "1.28.7-gke.1226000",
              "1.28.7-gke.1026001",
              "1.28.7-gke.1026000",
              "1.28.6-gke.1456000",
              "1.28.6-gke.1369000",
              "1.28.6-gke.1289000",
              "1.28.6-gke.1095000",
              "1.28.5-gke.1217000",
              "1.28.4-gke.1083000",
              "1.28.3-gke.1286000",
              "1.28.3-gke.1203001",
              "1.28.3-gke.1203000",
              "1.28.3-gke.1118000",
              "1.28.3-gke.1098000",
              "1.28.3-gke.1090000",
              "1.28.2-gke.1157000",
              "1.27.16-gke.2451000",
              "1.27.16-gke.2440000",
              "1.27.16-gke.2387000",
              "1.27.16-gke.2342000",
              "1.27.16-gke.2296000",
              "1.27.16-gke.2270000",
              "1.27.16-gke.2246000",
              "1.27.16-gke.2142000",
              "1.27.16-gke.2122000",
              "1.27.16-gke.2081000",
              "1.27.16-gke.2051000",
              "1.27.16-gke.2027000",
              "1.27.16-gke.2019000",
              "1.27.16-gke.1836000",
              "1.27.16-gke.1784000",
              "1.27.16-gke.1742000",
              "1.27.16-gke.1712000",
              "1.27.16-gke.1681000",
              "1.27.16-gke.1576000",
              "1.27.16-gke.1478000",
              "1.27.16-gke.1373000",
              "1.27.16-gke.1342000",
              "1.27.16-gke.1296000",
              "1.27.16-gke.1287000",
              "1.27.16-gke.1258000",
              "1.27.16-gke.1234001",
              "1.27.16-gke.1234000",
              "1.27.16-gke.1148001",
              "1.27.16-gke.1148000",
              "1.27.16-gke.1082000",
              "1.27.16-gke.1051001",
              "1.27.16-gke.1051000",
              "1.27.16-gke.1008000",
              "1.27.15-gke.1252000",
              "1.27.15-gke.1154000",
              "1.27.15-gke.1125000",
              "1.27.15-gke.1012003",
              "1.27.15-gke.1012000",
              "1.27.14-gke.1100002",
              "1.27.14-gke.1100000",
              "1.27.14-gke.1093000",
              "1.27.14-gke.1059002",
              "1.27.14-gke.1059001",
              "1.27.14-gke.1059000",
              "1.27.14-gke.1042001",
              "1.27.14-gke.1042000",
              "1.27.14-gke.1022001",
              "1.27.14-gke.1022000",
              "1.27.14-gke.1011000",
              "1.27.13-gke.1201002",
              "1.27.13-gke.1201000",
              "1.27.13-gke.1166001",
              "1.27.13-gke.1166000",
              "1.27.13-gke.1070002",
              "1.27.13-gke.1070000",
              "1.27.13-gke.1000000",
              "1.27.12-gke.1190000",
              "1.27.12-gke.1115000",
              "1.27.11-gke.1202000",
              "1.27.11-gke.1118000",
              "1.27.11-gke.1062004",
              "1.27.11-gke.1062003",
              "1.27.11-gke.1062001",
              "1.27.11-gke.1062000",
              "1.27.11-gke.1018000",
              "1.27.10-gke.1207000",
              "1.27.10-gke.1152000",
              "1.27.10-gke.1055000",
              "1.27.9-gke.1092000",
              "1.27.8-gke.1067004",
              "1.27.8-gke.1067000",
              "1.27.7-gke.1293000",
              "1.27.7-gke.1121002",
              "1.27.7-gke.1121000",
              "1.27.7-gke.1088000",
              "1.27.7-gke.1056000",
              "1.27.7-gke.1038000",
              "1.27.6-gke.1506000",
              "1.27.6-gke.1445000",
              "1.27.6-gke.1248000",
              "1.27.5-gke.200",
              "1.27.4-gke.900",
              "1.27.3-gke.1700",
              "1.27.3-gke.100",
              "1.27.2-gke.2100",
              "1.27.2-gke.1200",
              "1.26.15-gke.1469001",
              "1.26.15-gke.1469000",
              "1.26.15-gke.1436000",
              "1.26.15-gke.1404002",
              "1.26.15-gke.1404000",
              "1.26.15-gke.1390001",
              "1.26.15-gke.1390000",
              "1.26.15-gke.1381001",
              "1.26.15-gke.1381000",
              "1.26.15-gke.1372001",
              "1.26.15-gke.1360000",
              "1.26.15-gke.1320002",
              "1.26.15-gke.1320000",
              "1.26.15-gke.1300001",
              "1.26.15-gke.1300000",
              "1.26.15-gke.1243000",
              "1.26.15-gke.1191001",
              "1.26.15-gke.1191000",
              "1.26.15-gke.1158000",
              "1.26.15-gke.1090004",
              "1.26.15-gke.1090000",
              "1.26.14-gke.1133000",
              "1.26.14-gke.1076000",
              "1.26.14-gke.1044001",
              "1.26.14-gke.1044000",
              "1.26.14-gke.1006000",
              "1.26.13-gke.1189000",
              "1.26.13-gke.1144000",
              "1.26.13-gke.1052000",
              "1.26.12-gke.1111000",
              "1.26.11-gke.1055000",
              "1.26.10-gke.1235000",
              "1.26.10-gke.1101000",
              "1.26.10-gke.1073000",
              "1.26.10-gke.1038000",
              "1.26.10-gke.1024000",
              "1.26.9-gke.1507000",
              "1.26.9-gke.1437000",
              "1.26.8-gke.200",
              "1.26.7-gke.500",
              "1.26.6-gke.1700",
              "1.26.5-gke.2700",
              "1.26.5-gke.2100",
              "1.26.5-gke.1400",
              "1.26.5-gke.1200",
              "1.26.4-gke.1400",
              "1.26.4-gke.500",
              "1.26.3-gke.1000",
              "1.26.3-gke.400",
              "1.26.2-gke.1000",
              "1.26.1-gke.1500",
              "1.25.16-gke.1759000",
              "1.25.16-gke.1711000",
              "1.25.16-gke.1648000",
              "1.25.16-gke.1596000",
              "1.25.16-gke.1570000",
              "1.25.16-gke.1537000",
              "1.25.16-gke.1497000",
              "1.25.16-gke.1460000",
              "1.25.16-gke.1360000",
              "1.25.16-gke.1268000",
              "1.25.16-gke.1041000",
              "1.25.16-gke.1020000",
              "1.25.15-gke.1115000",
              "1.25.15-gke.1083000",
              "1.25.15-gke.1049000",
              "1.25.15-gke.1033000",
              "1.25.14-gke.1474000",
              "1.25.14-gke.1421000",
              "1.25.13-gke.200",
              "1.25.12-gke.500",
              "1.25.11-gke.1700",
              "1.25.10-gke.2700",
              "1.25.10-gke.2100",
              "1.25.10-gke.1400",
              "1.25.10-gke.1200",
              "1.25.9-gke.2300",
              "1.25.9-gke.400",
              "1.25.8-gke.1000",
              "1.25.8-gke.500",
              "1.25.7-gke.1000",
              "1.25.6-gke.1000",
              "1.25.6-gke.200",
              "1.25.5-gke.2000",
              "1.25.5-gke.1500",
              "1.25.4-gke.2100",
              "1.25.3-gke.800",
              "1.24.17-gke.2472000",
              "1.24.17-gke.2364000",
              "1.24.17-gke.2347000",
              "1.24.17-gke.2266000",
              "1.24.17-gke.2230000",
              "1.24.17-gke.2211000",
              "1.24.17-gke.2198000",
              "1.24.17-gke.2155000",
              "1.24.17-gke.2113000",
              "1.24.17-gke.200",
              "1.24.16-gke.500",
              "1.24.15-gke.1700",
              "1.24.14-gke.2700",
              "1.24.14-gke.2100",
              "1.24.14-gke.1400",
              "1.24.14-gke.1200",
              "1.24.13-gke.2500",
              "1.24.13-gke.500",
              "1.24.12-gke.1000",
              "1.24.12-gke.500",
              "1.24.11-gke.1000",
              "1.24.10-gke.2300",
              "1.24.10-gke.1200",
              "1.24.9-gke.3200",
              "1.24.9-gke.2000",
              "1.24.9-gke.1500",
              "1.24.8-gke.2000",
              "1.24.8-gke.401",
              "1.24.7-gke.900",
              "1.24.6-gke.1500",
              "1.24.5-gke.600",
              "1.24.4-gke.800",
              "1.24.3-gke.2100",
              "1.24.3-gke.900",
              "1.24.3-gke.200",
              "1.24.2-gke.1900",
              "1.24.2-gke.300",
              "1.24.1-gke.1800",
              "1.24.1-gke.1400",
              "1.23.17-gke.10700",
              "1.23.17-gke.10000",
              "1.23.17-gke.8400",
              "1.23.17-gke.7700",
              "1.23.17-gke.7000",
              "1.23.17-gke.6800",
              "1.23.17-gke.5600",
              "1.23.17-gke.3600",
              "1.23.17-gke.2000",
              "1.23.17-gke.1700",
              "1.23.17-gke.300",
              "1.23.16-gke.2500",
              "1.23.16-gke.1400",
              "1.23.16-gke.1100",
              "1.23.16-gke.200",
              "1.23.15-gke.1900",
              "1.23.15-gke.1400",
              "1.23.14-gke.1800",
              "1.23.14-gke.401",
              "1.23.13-gke.900",
              "1.23.12-gke.1600",
              "1.23.12-gke.100",
              "1.23.11-gke.300",
              "1.23.10-gke.1000",
              "1.23.9-gke.2100",
              "1.23.9-gke.900",
              "1.23.8-gke.1900",
              "1.23.8-gke.400",
              "1.23.7-gke.1400",
              "1.23.6-gke.2200",
              "1.23.6-gke.1700",
              "1.23.6-gke.1501",
              "1.23.6-gke.1500",
              "1.23.5-gke.2400",
              "1.23.5-gke.1503",
              "1.23.5-gke.1501",
              "1.22.17-gke.14100",
              "1.22.17-gke.13400",
              "1.22.17-gke.12700",
              "1.22.17-gke.11400",
              "1.22.17-gke.9400",
              "1.22.17-gke.8000",
              "1.22.17-gke.7500",
              "1.22.17-gke.6100",
              "1.22.17-gke.5400",
              "1.22.17-gke.4300",
              "1.22.17-gke.4000",
              "1.22.17-gke.3100",
              "1.22.17-gke.1900",
              "1.22.17-gke.1400",
              "1.22.16-gke.2000",
              "1.22.16-gke.1300",
              "1.22.15-gke.2500",
              "1.22.15-gke.1000",
              "1.22.15-gke.100",
              "1.22.14-gke.300",
              "1.22.13-gke.1000",
              "1.22.12-gke.2300",
              "1.22.12-gke.1200",
              "1.22.12-gke.500",
              "1.22.12-gke.300",
              "1.22.11-gke.400",
              "1.22.10-gke.600",
              "1.22.9-gke.2000",
              "1.22.9-gke.1500",
              "1.22.9-gke.1300",
              "1.22.8-gke.2200",
              "1.22.8-gke.202",
              "1.22.8-gke.201",
              "1.22.8-gke.200",
              "1.22.7-gke.1500",
              "1.22.7-gke.1300",
              "1.22.7-gke.900",
              "1.22.7-gke.300",
              "1.22.6-gke.1000",
              "1.22.6-gke.300",
              "1.22.4-gke.1501",
              "1.22.3-gke.1500",
              "1.21.14-gke.18800",
              "1.21.14-gke.18100",
              "1.21.14-gke.15800",
              "1.21.14-gke.14600",
              "1.21.14-gke.14100",
              "1.21.14-gke.8500",
              "1.21.14-gke.7100",
              "1.21.14-gke.5300",
              "1.21.14-gke.4300",
              "1.21.14-gke.3000",
              "1.21.14-gke.2700",
              "1.21.14-gke.2100",
              "1.21.14-gke.700",
              "1.21.13-gke.900",
              "1.21.12-gke.2200",
              "1.21.12-gke.1700",
              "1.21.12-gke.1500",
              "1.21.11-gke.1900",
              "1.21.11-gke.1100",
              "1.21.11-gke.900",
              "1.21.10-gke.2000",
              "1.21.10-gke.1500",
              "1.21.10-gke.1300",
              "1.21.10-gke.400",
              "1.21.9-gke.1002",
              "1.21.9-gke.1001",
              "1.21.9-gke.1000",
              "1.21.9-gke.300",
              "1.21.6-gke.1503",
              "1.21.6-gke.1501",
              "1.21.6-gke.1500",
              "1.21.5-gke.1805",
              "1.21.5-gke.1802",
              "1.21.5-gke.1302",
              "1.21.5-gke.1300",
              "1.21.4-gke.2302",
              "1.21.4-gke.2300",
              "1.21.3-gke.2003",
              "1.21.3-gke.2001",
              "1.20.15-gke.13700",
              "1.20.15-gke.13400",
              "1.20.15-gke.12800",
              "1.20.15-gke.11400",
              "1.20.15-gke.9900",
              "1.20.15-gke.8700",
              "1.20.15-gke.8200",
              "1.20.15-gke.8000",
              "1.20.15-gke.6000",
              "1.20.15-gke.5200",
              "1.20.15-gke.5000",
              "1.20.15-gke.4100",
              "1.20.15-gke.3600",
              "1.20.15-gke.3400",
              "1.20.15-gke.2500",
              "1.20.15-gke.1000",
              "1.20.15-gke.300",
              "1.20.12-gke.1500",
              "1.20.11-gke.1801",
              "1.20.11-gke.1300",
              "1.20.10-gke.2100",
              "1.20.10-gke.1600",
              "1.20.10-gke.301",
              "1.20.9-gke.2100",
              "1.20.9-gke.1001",
              "1.20.9-gke.1000",
              "1.20.9-gke.701",
              "1.20.9-gke.700",
              "1.20.8-gke.2101",
              "1.20.8-gke.2100",
              "1.20.8-gke.900",
              "1.20.8-gke.700",
              "1.20.7-gke.2200",
              "1.20.7-gke.1800",
              "1.20.6-gke.1400",
              "1.20.6-gke.1000",
              "1.19.16-gke.15700",
              "1.19.16-gke.14500",
              "1.19.16-gke.14000",
              "1.19.16-gke.13800",
              "1.19.16-gke.11800",
              "1.19.16-gke.11000",
              "1.19.16-gke.10800",
              "1.19.16-gke.9900",
              "1.19.16-gke.9400",
              "1.19.16-gke.9200",
              "1.19.16-gke.8300",
              "1.19.16-gke.6800",
              "1.19.16-gke.6100",
              "1.19.16-gke.3600",
              "1.19.15-gke.1801",
              "1.19.15-gke.1300",
              "1.19.15-gke.500",
              "1.19.14-gke.2300",
              "1.19.14-gke.1900",
              "1.19.14-gke.301",
              "1.19.14-gke.300",
              "1.19.13-gke.1900",
              "1.19.13-gke.1200",
              "1.19.13-gke.701",
              "1.19.13-gke.700",
              "1.19.12-gke.2101",
              "1.19.12-gke.2100",
              "1.19.12-gke.1100",
              "1.19.12-gke.900",
              "1.19.12-gke.700",
              "1.19.11-gke.2101",
              "1.19.11-gke.2100",
              "1.19.11-gke.1701",
              "1.19.11-gke.1700",
              "1.19.10-gke.1701",
              "1.19.10-gke.1700",
              "1.19.10-gke.1601",
              "1.19.10-gke.1600",
              "1.19.10-gke.1001",
              "1.19.10-gke.1000",
              "1.19.9-gke.1900",
              "1.19.9-gke.1400",
              "1.19.9-gke.700",
              "1.19.9-gke.100",
              "1.19.8-gke.2000",
              "1.19.8-gke.1600",
              "1.19.8-gke.1000",
              "1.19.7-gke.2503",
              "1.19.7-gke.1500",
              "1.19.7-gke.1302",
              "1.19.7-gke.800",
              "1.19.6-gke.1700",
              "1.19.6-gke.1100",
              "1.19.6-gke.600",
              "1.18.20-gke.6101",
              "1.18.20-gke.6000",
              "1.18.20-gke.4501",
              "1.18.20-gke.4500",
              "1.18.20-gke.4100",
              "1.18.20-gke.3300",
              "1.18.20-gke.3001",
              "1.18.20-gke.3000",
              "1.18.20-gke.2300",
              "1.18.20-gke.901",
              "1.18.20-gke.900",
              "1.18.20-gke.501",
              "1.18.19-gke.2101",
              "1.18.19-gke.2100",
              "1.18.19-gke.1701",
              "1.18.19-gke.1700",
              "1.18.18-gke.1701",
              "1.18.18-gke.1700",
              "1.18.18-gke.1101",
              "1.18.18-gke.1100",
              "1.18.17-gke.1901",
              "1.18.17-gke.1900",
              "1.18.17-gke.1201",
              "1.18.17-gke.1200",
              "1.18.17-gke.700",
              "1.18.17-gke.100",
              "1.18.16-gke.2100",
              "1.18.16-gke.1201",
              "1.18.16-gke.1200",
              "1.18.16-gke.502",
              "1.18.16-gke.500",
              "1.18.16-gke.302",
              "1.18.16-gke.300",
              "1.18.15-gke.2500",
              "1.18.15-gke.1502",
              "1.18.15-gke.1501",
              "1.18.15-gke.1500",
              "1.18.15-gke.1102",
              "1.18.15-gke.1100",
              "1.18.15-gke.800",
              "1.18.14-gke.1600",
              "1.18.14-gke.1200",
              "1.18.12-gke.1210",
              "1.18.12-gke.1206",
              "1.18.12-gke.1205",
              "1.18.12-gke.1201",
              "1.18.12-gke.1200",
              "1.18.12-gke.300",
              "1.18.10-gke.2701",
              "1.18.10-gke.2101",
              "1.18.10-gke.1500",
              "1.18.10-gke.601",
              "1.18.9-gke.2501",
              "1.18.9-gke.1501",
              "1.18.9-gke.801",
              "1.18.6-gke.4801",
              "1.18.6-gke.3504",
              "1.18.6-gke.3503",
              "1.17.17-gke.9100",
              "1.17.17-gke.8500",
              "1.17.17-gke.8200",
              "1.17.17-gke.7800",
              "1.17.17-gke.7200",
              "1.17.17-gke.6700",
              "1.17.17-gke.6000",
              "1.17.17-gke.5400",
              "1.17.17-gke.4900",
              "1.17.17-gke.4400",
              "1.17.17-gke.3700",
              "1.17.17-gke.3000",
              "1.17.17-gke.2800",
              "1.17.17-gke.2500",
              "1.17.17-gke.1500",
              "1.17.17-gke.1101",
              "1.17.17-gke.1100",
              "1.17.17-gke.600",
              "1.17.16-gke.1600",
              "1.17.16-gke.1300",
              "1.17.15-gke.800",
              "1.17.15-gke.300",
              "1.17.14-gke.1600",
              "1.17.14-gke.1200",
              "1.17.14-gke.400",
              "1.17.13-gke.2600",
              "1.17.13-gke.2001",
              "1.17.13-gke.1401",
              "1.17.13-gke.1400",
              "1.17.13-gke.600",
              "1.17.12-gke.2502",
              "1.17.12-gke.1504",
              "1.17.12-gke.1501",
              "1.17.12-gke.500",
              "1.17.9-gke.6300",
              "1.17.9-gke.1504",
              "1.16.15-gke.14800",
              "1.16.15-gke.12500",
              "1.16.15-gke.11800",
              "1.16.15-gke.10600",
              "1.16.15-gke.7801",
              "1.16.15-gke.7800",
              "1.16.15-gke.7300",
              "1.16.15-gke.6900",
              "1.16.15-gke.6000",
              "1.16.15-gke.5500",
              "1.16.15-gke.4901",
              "1.16.15-gke.4301",
              "1.16.15-gke.4300",
              "1.16.15-gke.3500",
              "1.16.15-gke.2601",
              "1.16.15-gke.1600",
              "1.16.15-gke.500",
              "1.16.13-gke.404",
              "1.16.13-gke.403",
              "1.16.13-gke.401",
              "1.16.13-gke.400",
              "1.16.13-gke.1",
              "1.16.11-gke.5",
              "1.16.10-gke.8",
              "1.16.9-gke.6",
              "1.16.9-gke.2",
              "1.16.8-gke.15",
              "1.16.8-gke.12",
              "1.16.8-gke.9",
              "1.15.12-gke.6002",
              "1.15.12-gke.6001",
              "1.15.12-gke.5000",
              "1.15.12-gke.4002",
              "1.15.12-gke.4000",
              "1.15.12-gke.20",
              "1.15.12-gke.17",
              "1.15.12-gke.16",
              "1.15.12-gke.13",
              "1.15.12-gke.9",
              "1.15.12-gke.6",
              "1.15.12-gke.3",
              "1.15.12-gke.2",
              "1.15.11-gke.17",
              "1.15.11-gke.15",
              "1.15.11-gke.13",
              "1.15.11-gke.12",
              "1.15.11-gke.11",
              "1.15.11-gke.9",
              "1.15.11-gke.5",
              "1.15.11-gke.3",
              "1.15.11-gke.1",
              "1.15.9-gke.26",
              "1.15.9-gke.24",
              "1.15.9-gke.22",
              "1.15.9-gke.12",
              "1.15.9-gke.9",
              "1.15.9-gke.8",
              "1.15.8-gke.3",
              "1.15.8-gke.2",
              "1.15.7-gke.23",
              "1.15.7-gke.2",
              "1.15.4-gke.22",
              "1.14.10-gke.1504",
              "1.14.10-gke.902",
              "1.14.10-gke.50",
              "1.14.10-gke.46",
              "1.14.10-gke.45",
              "1.14.10-gke.42",
              "1.14.10-gke.41",
              "1.14.10-gke.40",
              "1.14.10-gke.37",
              "1.14.10-gke.36",
              "1.14.10-gke.34",
              "1.14.10-gke.32",
              "1.14.10-gke.31",
              "1.14.10-gke.27",
              "1.14.10-gke.24",
              "1.14.10-gke.22",
              "1.14.10-gke.21",
              "1.14.10-gke.17",
              "1.14.10-gke.0",
              "1.14.9-gke.23",
              "1.14.9-gke.2",
              "1.14.9-gke.0",
              "1.14.8-gke.33",
              "1.14.8-gke.21",
              "1.14.8-gke.18",
              "1.14.8-gke.17",
              "1.14.8-gke.14",
              "1.14.8-gke.12",
              "1.14.8-gke.7",
              "1.14.8-gke.2",
              "1.14.7-gke.40",
              "1.14.7-gke.25",
              "1.14.7-gke.23",
              "1.14.7-gke.17",
              "1.14.7-gke.14",
              "1.14.7-gke.10",
              "1.14.6-gke.13",
              "1.14.6-gke.2",
              "1.14.6-gke.1",
              "1.14.3-gke.11",
              "1.14.3-gke.10",
              "1.14.3-gke.9",
              "1.14.2-gke.9",
              "1.14.1-gke.5",
              "1.13.12-gke.30",
              "1.13.12-gke.25",
              "1.13.12-gke.17",
              "1.13.12-gke.16",
              "1.13.12-gke.14",
              "1.13.12-gke.13",
              "1.13.12-gke.10",
              "1.13.12-gke.8",
              "1.13.12-gke.4",
              "1.13.12-gke.2",
              "1.13.11-gke.23",
              "1.13.11-gke.15",
              "1.13.11-gke.14",
              "1.13.11-gke.12",
              "1.13.11-gke.11",
              "1.13.11-gke.9",
              "1.13.11-gke.5",
              "1.13.10-gke.7",
              "1.13.10-gke.0",
              "1.13.9-gke.11",
              "1.13.9-gke.3",
              "1.13.7-gke.24",
              "1.13.7-gke.19",
              "1.13.7-gke.15",
              "1.13.7-gke.8",
              "1.13.7-gke.0",
              "1.13.6-gke.13",
              "1.13.6-gke.6",
              "1.13.6-gke.5",
              "1.13.6-gke.0",
              "1.13.5-gke.10",
              "1.12.10-gke.22",
              "1.12.10-gke.20",
              "1.12.10-gke.19",
              "1.12.10-gke.18",
              "1.12.10-gke.17",
              "1.12.10-gke.15",
              "1.12.10-gke.13",
              "1.12.10-gke.11",
              "1.12.10-gke.5",
              "1.12.9-gke.16",
              "1.12.9-gke.15",
              "1.12.9-gke.13",
              "1.12.9-gke.10",
              "1.12.9-gke.7",
              "1.12.9-gke.3",
              "1.12.8-gke.12",
              "1.12.8-gke.10",
              "1.12.8-gke.7",
              "1.12.8-gke.6",
              "1.12.7-gke.26",
              "1.12.7-gke.25",
              "1.12.7-gke.24",
              "1.12.7-gke.22",
              "1.12.7-gke.21",
              "1.12.7-gke.17",
              "1.12.7-gke.10",
              "1.12.7-gke.7",
              "1.12.6-gke.11",
              "1.12.6-gke.10",
              "1.12.6-gke.7",
              "1.12.5-gke.10",
              "1.12.5-gke.5",
              "1.11.10-gke.6",
              "1.11.10-gke.5"
            ],
            "version_prefix": null
          },
          "sensitive_attributes": []
        }
      ]
    },
    {
      "module": "module.gke",
      "mode": "managed",
      "type": "google_container_cluster",
      "name": "primary",
      "provider": "provider[\"registry.terraform.io/hashicorp/google\"]",
      "instances": [
        {
          "schema_version": 1,
          "attributes": {
            "addons_config": [
              {
                "cloudrun_config": [],
                "config_connector_config": [],
                "dns_cache_config": [
                  {
                    "enabled": false
                  }
                ],
                "gce_persistent_disk_csi_driver_config": [
                  {
                    "enabled": true
                  }
                ],
                "gcp_filestore_csi_driver_config": [
                  {
                    "enabled": false
                  }
                ],
                "gcs_fuse_csi_driver_config": [],
                "gke_backup_agent_config": [],
                "horizontal_pod_autoscaling": [
                  {
                    "disabled": false
                  }
                ],
                "http_load_balancing": [
                  {
                    "disabled": false
                  }
                ],
                "network_policy_config": [
                  {
                    "disabled": true
                  }
                ]
              }
            ],
            "allow_net_admin": null,
            "authenticator_groups_config": [],
            "binary_authorization": [
              {
                "enabled": false,
                "evaluation_mode": ""
              }
            ],
            "cluster_autoscaling": [
              {
                "auto_provisioning_defaults": [],
                "enabled": false,
                "resource_limits": []
              }
            ],
            "cluster_ipv4_cidr": "10.20.0.0/16",
            "confidential_nodes": [],
            "cost_management_config": [],
            "database_encryption": [
              {
                "key_name": "",
                "state": "DECRYPTED"
              }
            ],
            "datapath_provider": "",
            "default_max_pods_per_node": 110,
            "default_snat_status": [
              {
                "disabled": false
              }
            ],
            "description": "",
            "dns_config": [],
            "enable_autopilot": false,
            "enable_binary_authorization": false,
            "enable_intranode_visibility": false,
            "enable_k8s_beta_apis": [],
            "enable_kubernetes_alpha": false,
            "enable_l4_ilb_subsetting": false,
            "enable_legacy_abac": false,
            "enable_shielded_nodes": true,
            "enable_tpu": false,
            "endpoint": "34.87.99.110",
            "gateway_api_config": [],
            "id": "projects/go-gke-hello-app/locations/asia-southeast1/clusters/hello-gke-cluster-development",
            "initial_node_count": 0,
            "ip_allocation_policy": [
              {
                "additional_pod_ranges_config": [],
                "cluster_ipv4_cidr_block": "10.20.0.0/16",
                "cluster_secondary_range_name": "ip-range-pods",
                "pod_cidr_overprovision_config": [
                  {
                    "disabled": false
                  }
                ],
                "services_ipv4_cidr_block": "10.30.0.0/16",
                "services_secondary_range_name": "ip-range-services",
                "stack_type": "IPV4"
              }
            ],
            "label_fingerprint": "a9dc16a7",
            "location": "asia-southeast1",
            "logging_config": [
              {
                "enable_components": [
                  "SYSTEM_COMPONENTS",
                  "WORKLOADS"
                ]
              }
            ],
            "logging_service": "logging.googleapis.com/kubernetes",
            "maintenance_policy": [
              {
                "daily_maintenance_window": [
                  {
                    "duration": "PT4H0M0S",
                    "start_time": "05:00"
                  }
                ],
                "maintenance_exclusion": [],
                "recurring_window": []
              }
            ],
            "master_auth": [
              {
                "client_certificate": "",
                "client_certificate_config": [
                  {
                    "issue_client_certificate": false
                  }
                ],
                "client_key": "",
                "cluster_ca_certificate": "LS0tLS1CRUdJTiBDRVJUSUZJQ0FURS0tLS0tCk1JSUVMRENDQXBTZ0F3SUJBZ0lRY0NpMWFOZ3dzR0RGRVNVSE9ldWMwREFOQmdrcWhraUc5dzBCQVFzRkFEQXYKTVMwd0t3WURWUVFERXlRd1pEVTNZakE1T0Mwek56QmtMVFJpTkRBdE9HWmlOUzFrTkdKa05qWTRabVExTlRndwpJQmNOTWpVd01qSTRNRGcxTmpRMldoZ1BNakExTlRBeU1qRXdPVFUyTkRaYU1DOHhMVEFyQmdOVkJBTVRKREJrCk5UZGlNRGs0TFRNM01HUXROR0kwTUMwNFptSTFMV1EwWW1RMk5qaG1aRFUxT0RDQ0FhSXdEUVlKS29aSWh2Y04KQVFFQkJRQURnZ0dQQURDQ0FZb0NnZ0dCQU5SM24ySlJjZHZicTFCTDRaZFlIdlFxUmR2V2EzRkxDZGQ1dk5Wdgo3WWcySUpwelE0Zi9SWEtrMW82TjdZNndVRW5wRzdWRUR0bklwNXc4T3lnTkt6T29vbU5IdWdBYm1NVmZ4cHRPClc3dnNEWU44dlRrVkFxalNrNUVQU2MwcjJ5d2QyNkdPME92azlwcU1xVWhGR1dMc1FBV0JRUWNmSVFibHJIZVIKT0orZkUrbkxlSFNQME1oUlVFbkZnOU9qZ3pUbVRwWk9XY0pvdnBKSXUvQUNHc2lrOFdpeEJNUW9LTWlJTkUvaApZbk9HZWRKaXZvTU9pdWhseEJLdlNUNmpHb0JZaXJZMnRmVjczaGhFOGozSmhFbFdUTVptN1ZXOUNlQ2YzeFR3Ci9kKzdwZWQ5amZSLzNScmJUNHZkdzVubU9IMkRDc0UwQ0JJV0NCSVVOempEaFZkc1RLeW91dkZscFNnaW5zRW4KRFZmNzZuOGo3eWFDdVZQY24vUTdYblMyTS9qTjVXVm00Ym9ZOXVudFVHaXozZ0luTzVFbkc0TzJ0TnJQQmttLwo1RDlBUUF0NEQyQ3J6bzFuTmVNMWhxME85aXZ1a1VxNStZUEw4UWVXblBHQzIzdWd4c0dUZkF5Qko4NmtpTkdOCnIvQWppT2JHbjY4YzRyTmtqRm1SWm84K2J3SURBUUFCbzBJd1FEQU9CZ05WSFE4QkFmOEVCQU1DQWdRd0R3WUQKVlIwVEFRSC9CQVV3QXdFQi96QWRCZ05WSFE0RUZnUVVTakVlY0RjaUN1NFFUSmlzbXB5aFFqNlZNR0F3RFFZSgpLb1pJaHZjTkFRRUxCUUFEZ2dHQkFEMmNlUjRNamcwcmtRTnZOc21zckF3SlVuZEE1LzVsUzMwb3B2TjBsL25NCm1ndDE2Y1ZtV1JPc1BlU0JybzJsK3dzNUh0dGV1bVY2Y3JqSzNwUVl4RU5kekZMdkZ4bzFJZU52bmgyOEFlT2oKZkFYZVovWmtRS0pTQ0Z3eEJ0dVFvQ3VaTmQ1NWV2Vjl4a0c5cVFWeW1oR3VPb1NyVHZ2akUxUXVycjRoekdmRgpGU096OHhnMVZRbXRJb3UxQ1k2K3dONnhKZTJqU1FNTXVmTWtwWHFjaTZ0T1NaQTFpaldXb2x3eHlSejRlaVJWCkozNGd4YXNxcVZlTitRVi9QMGNGUU02R2ZWTERkUGFUVG1VSXNmbnpLZmNOSEN6amdhV1BkVUxibWR3RXNTUkIKMlV4eW1wZWJHZTU4MW40RW02NFk4NXQxSXBhRnhRSjhQU0Y3U2xwaHlVMkZVdlVCRTd4TzlwQ3JvVHFLdXVCOQoxWm52RUZaVExXTkE0TTJyS1UwVTh6b0E0bTRnNFNha1d3VGFtd2tZSnpISlB6dDZsYml0Z053SkN4ZUF4WTJjCk5EMnJPY2R4cFYyOWV2eEYxZUxDVzRRc3lBZlR0KzhpQUJHNGFSa1JBdmlHR256TW9rcXd4QlhZbUY0ZFZrQzgKSzh5ZEV6bUZSWG5kZXZoWlJraEFrUT09Ci0tLS0tRU5EIENFUlRJRklDQVRFLS0tLS0K"
              }
            ],
            "master_authorized_networks_config": [],
            "master_version": "1.32.1-gke.1729000",
            "mesh_certificates": [],
            "min_master_version": "1.32.1-gke.1729000",
            "monitoring_config": [
              {
                "advanced_datapath_observability_config": [
                  {
                    "enable_metrics": false,
                    "relay_mode": ""
                  }
                ],
                "enable_components": [
                  "SYSTEM_COMPONENTS",
                  "HPA",
                  "POD",
                  "DAEMONSET",
                  "DEPLOYMENT",
                  "STATEFULSET",
                  "STORAGE",
                  "CADVISOR",
                  "KUBELET",
                  "DCGM"
                ],
                "managed_prometheus": [
                  {
                    "enabled": true
                  }
                ]
              }
            ],
            "monitoring_service": "monitoring.googleapis.com/kubernetes",
            "name": "hello-gke-cluster-development",
            "network": "projects/go-gke-hello-app/global/networks/gke-network-development",
            "network_policy": [
              {
                "enabled": false,
                "provider": "PROVIDER_UNSPECIFIED"
              }
            ],
            "networking_mode": "VPC_NATIVE",
            "node_config": [
              {
                "advanced_machine_features": [],
                "boot_disk_kms_key": "",
                "confidential_nodes": [],
                "disk_size_gb": 100,
                "disk_type": "pd-balanced",
                "ephemeral_storage_local_ssd_config": [],
                "fast_socket": [],
                "gcfs_config": [],
                "guest_accelerator": [],
                "gvnic": [],
                "host_maintenance_policy": [],
                "image_type": "COS_CONTAINERD",
                "kubelet_config": [
                  {
                    "cpu_cfs_quota": false,
                    "cpu_cfs_quota_period": "",
                    "cpu_manager_policy": "",
                    "pod_pids_limit": 0
                  }
                ],
                "labels": {},
                "linux_node_config": [],
                "local_nvme_ssd_block_config": [],
                "local_ssd_count": 0,
                "logging_variant": "DEFAULT",
                "machine_type": "e2-medium",
                "metadata": {
                  "disable-legacy-endpoints": "true"
                },
                "min_cpu_platform": "",
                "node_group": "",
                "oauth_scopes": [
                  "https://www.googleapis.com/auth/cloud-platform",
                  "https://www.googleapis.com/auth/userinfo.email"
                ],
                "preemptible": false,
                "reservation_affinity": [],
                "resource_labels": {
                  "goog-gke-node-pool-provisioning-model": "on-demand"
                },
                "service_account": "tf-gke-hello-gke-clust-f0td@go-gke-hello-app.iam.gserviceaccount.com",
                "shielded_instance_config": [
                  {
                    "enable_integrity_monitoring": true,
                    "enable_secure_boot": false
                  }
                ],
                "sole_tenant_config": [],
                "spot": false,
                "tags": [
                  "gke-hello-gke-cluster-development",
                  "gke-hello-gke-cluster-development-default-pool"
                ],
                "taint": [],
                "workload_metadata_config": [
                  {
                    "mode": "GKE_METADATA"
                  }
                ]
              }
            ],
            "node_locations": [
              "asia-southeast1-a",
              "asia-southeast1-b",
              "asia-southeast1-c"
            ],
            "node_pool": [
              {
                "autoscaling": [],
                "initial_node_count": 0,
                "instance_group_urls": [
                  "https://www.googleapis.com/compute/v1/projects/go-gke-hello-app/zones/asia-southeast1-a/instanceGroupManagers/gke-hello-gke-cluster-de-default-pool-b9bcdf9b-grp",
                  "https://www.googleapis.com/compute/v1/projects/go-gke-hello-app/zones/asia-southeast1-b/instanceGroupManagers/gke-hello-gke-cluster-de-default-pool-a0147981-grp",
                  "https://www.googleapis.com/compute/v1/projects/go-gke-hello-app/zones/asia-southeast1-c/instanceGroupManagers/gke-hello-gke-cluster-de-default-pool-9508a622-grp"
                ],
                "managed_instance_group_urls": [
                  "https://www.googleapis.com/compute/v1/projects/go-gke-hello-app/zones/asia-southeast1-a/instanceGroups/gke-hello-gke-cluster-de-default-pool-b9bcdf9b-grp",
                  "https://www.googleapis.com/compute/v1/projects/go-gke-hello-app/zones/asia-southeast1-b/instanceGroups/gke-hello-gke-cluster-de-default-pool-a0147981-grp",
                  "https://www.googleapis.com/compute/v1/projects/go-gke-hello-app/zones/asia-southeast1-c/instanceGroups/gke-hello-gke-cluster-de-default-pool-9508a622-grp"
                ],
                "management": [
                  {
                    "auto_repair": true,
                    "auto_upgrade": true
                  }
                ],
                "max_pods_per_node": 110,
                "name": "default-pool",
                "name_prefix": "",
                "network_config": [
                  {
                    "create_pod_range": false,
                    "enable_private_nodes": false,
                    "pod_cidr_overprovision_config": [],
                    "pod_ipv4_cidr_block": "10.20.0.0/16",
                    "pod_range": "ip-range-pods"
                  }
                ],
                "node_config": [
                  {
                    "advanced_machine_features": [],
                    "boot_disk_kms_key": "",
                    "confidential_nodes": [],
                    "disk_size_gb": 100,
                    "disk_type": "pd-balanced",
                    "ephemeral_storage_local_ssd_config": [],
                    "fast_socket": [],
                    "gcfs_config": [],
                    "guest_accelerator": [],
                    "gvnic": [],
                    "host_maintenance_policy": [],
                    "image_type": "COS_CONTAINERD",
                    "kubelet_config": [
                      {
                        "cpu_cfs_quota": false,
                        "cpu_cfs_quota_period": "",
                        "cpu_manager_policy": "",
                        "pod_pids_limit": 0
                      }
                    ],
                    "labels": {},
                    "linux_node_config": [],
                    "local_nvme_ssd_block_config": [],
                    "local_ssd_count": 0,
                    "logging_variant": "DEFAULT",
                    "machine_type": "e2-medium",
                    "metadata": {
                      "disable-legacy-endpoints": "true"
                    },
                    "min_cpu_platform": "",
                    "node_group": "",
                    "oauth_scopes": [
                      "https://www.googleapis.com/auth/cloud-platform",
                      "https://www.googleapis.com/auth/userinfo.email"
                    ],
                    "preemptible": false,
                    "reservation_affinity": [],
                    "resource_labels": {
                      "goog-gke-node-pool-provisioning-model": "on-demand"
                    },
                    "service_account": "tf-gke-hello-gke-clust-f0td@go-gke-hello-app.iam.gserviceaccount.com",
                    "shielded_instance_config": [
                      {
                        "enable_integrity_monitoring": true,
                        "enable_secure_boot": false
                      }
                    ],
                    "sole_tenant_config": [],
                    "spot": false,
                    "tags": [
                      "gke-hello-gke-cluster-development",
                      "gke-hello-gke-cluster-development-default-pool"
                    ],
                    "taint": [],
                    "workload_metadata_config": [
                      {
                        "mode": "GKE_METADATA"
                      }
                    ]
                  }
                ],
                "node_count": 0,
                "node_locations": [
                  "asia-southeast1-a",
                  "asia-southeast1-b",
                  "asia-southeast1-c"
                ],
                "placement_policy": [],
                "upgrade_settings": [
                  {
                    "blue_green_settings": [],
                    "max_surge": 1,
                    "max_unavailable": 0,
                    "strategy": "SURGE"
                  }
                ],
                "version": "1.32.1-gke.1729000"
              }
            ],
            "node_pool_auto_config": [
              {
                "network_tags": null
              }
            ],
            "node_pool_defaults": [
              {
                "node_config_defaults": [
                  {
                    "logging_variant": "DEFAULT"
                  }
                ]
              }
            ],
            "node_version": "1.32.1-gke.1729000",
            "notification_config": [
              {
                "pubsub": [
                  {
                    "enabled": false,
                    "filter": [],
                    "topic": ""
                  }
                ]
              }
            ],
            "operation": null,
            "private_cluster_config": [
              {
                "enable_private_endpoint": false,
                "enable_private_nodes": false,
                "master_global_access_config": [
                  {
                    "enabled": false
                  }
                ],
                "master_ipv4_cidr_block": "",
                "peering_name": "",
                "private_endpoint": "10.10.0.2",
                "private_endpoint_subnetwork": "",
                "public_endpoint": "34.87.99.110"
              }
            ],
            "private_ipv6_google_access": "",
            "project": "go-gke-hello-app",
            "release_channel": [
              {
                "channel": "REGULAR"
              }
            ],
            "remove_default_node_pool": false,
            "resource_labels": null,
            "resource_usage_export_config": [],
            "security_posture_config": [
              {
                "mode": "BASIC",
                "vulnerability_mode": "VULNERABILITY_MODE_UNSPECIFIED"
              }
            ],
            "self_link": "https://container.googleapis.com/v1/projects/go-gke-hello-app/locations/asia-southeast1/clusters/hello-gke-cluster-development",
            "service_external_ips_config": [
              {
                "enabled": false
              }
            ],
            "services_ipv4_cidr": "10.30.0.0/16",
            "subnetwork": "projects/go-gke-hello-app/regions/asia-southeast1/subnetworks/gke-subnet-development",
            "timeouts": {
              "create": "45m",
              "delete": "45m",
              "read": null,
              "update": "45m"
            },
            "tpu_ipv4_cidr_block": "",
            "vertical_pod_autoscaling": [
              {
                "enabled": false
              }
            ],
            "workload_identity_config": [
              {
                "workload_pool": "go-gke-hello-app.svc.id.goog"
              }
            ]
          },
          "sensitive_attributes": [
            [
              {
                "type": "get_attr",
                "value": "master_auth"
              },
              {
                "type": "index",
                "value": {
                  "value": 0,
                  "type": "number"
                }
              },
              {
                "type": "get_attr",
                "value": "client_key"
              }
            ]
          ],
          "private": "eyJlMmJmYjczMC1lY2FhLTExZTYtOGY4OC0zNDM2M2JjN2M0YzAiOnsiY3JlYXRlIjoyNzAwMDAwMDAwMDAwLCJkZWxldGUiOjI3MDAwMDAwMDAwMDAsInJlYWQiOjI0MDAwMDAwMDAwMDAsInVwZGF0ZSI6MjcwMDAwMDAwMDAwMH0sInNjaGVtYV92ZXJzaW9uIjoiMSJ9",
          "dependencies": [
            "module.gcp-network.module.subnets.google_compute_subnetwork.subnetwork",
            "module.gcp-network.module.vpc.google_compute_network.network",
            "module.gke.data.google_compute_zones.available",
            "module.gke.data.google_container_engine_versions.region",
            "module.gke.data.google_container_engine_versions.zone",
            "module.gke.google_service_account.cluster_service_account",
            "module.gke.random_shuffle.available_zones",
            "module.gke.random_string.cluster_service_account_suffix"
          ]
        }
      ]
    },
    {
      "module": "module.gke",
      "mode": "managed",
      "type": "google_container_node_pool",
      "name": "pools",
      "provider": "provider[\"registry.terraform.io/hashicorp/google\"]",
      "instances": [
        {
          "index_key": "node-pool",
          "schema_version": 1,
          "attributes": {
            "autoscaling": [
              {
                "location_policy": "BALANCED",
                "max_node_count": 2,
                "min_node_count": 1,
                "total_max_node_count": 0,
                "total_min_node_count": 0
              }
            ],
            "cluster": "hello-gke-cluster-development",
            "id": "projects/go-gke-hello-app/locations/asia-southeast1/clusters/hello-gke-cluster-development/nodePools/node-pool",
            "initial_node_count": 1,
            "instance_group_urls": [
              "https://www.googleapis.com/compute/v1/projects/go-gke-hello-app/zones/asia-southeast1-a/instanceGroupManagers/gke-hello-gke-cluster-devel-node-pool-949941f1-grp"
            ],
            "location": "asia-southeast1",
            "managed_instance_group_urls": [
              "https://www.googleapis.com/compute/v1/projects/go-gke-hello-app/zones/asia-southeast1-a/instanceGroups/gke-hello-gke-cluster-devel-node-pool-949941f1-grp"
            ],
            "management": [
              {
                "auto_repair": true,
                "auto_upgrade": true
              }
            ],
            "max_pods_per_node": 110,
            "name": "node-pool",
            "name_prefix": "",
            "network_config": [
              {
                "create_pod_range": false,
                "enable_private_nodes": false,
                "pod_cidr_overprovision_config": [],
                "pod_ipv4_cidr_block": "10.20.0.0/16",
                "pod_range": "ip-range-pods"
              }
            ],
            "node_config": [
              {
                "advanced_machine_features": [],
                "boot_disk_kms_key": "",
                "confidential_nodes": [],
                "disk_size_gb": 30,
                "disk_type": "pd-standard",
                "ephemeral_storage_local_ssd_config": [],
                "fast_socket": [],
                "gcfs_config": [],
                "guest_accelerator": [],
                "gvnic": [],
                "host_maintenance_policy": [],
                "image_type": "COS_CONTAINERD",
                "kubelet_config": [
                  {
                    "cpu_cfs_quota": false,
                    "cpu_cfs_quota_period": "",
                    "cpu_manager_policy": "",
                    "pod_pids_limit": 0
                  }
                ],
                "labels": {
                  "cluster_name": "hello-gke-cluster-development",
                  "node_pool": "node-pool"
                },
                "linux_node_config": [],
                "local_nvme_ssd_block_config": [],
                "local_ssd_count": 0,
                "logging_variant": "DEFAULT",
                "machine_type": "e2-medium",
                "metadata": {
                  "cluster_name": "hello-gke-cluster-development",
                  "disable-legacy-endpoints": "true",
                  "node_pool": "node-pool"
                },
                "min_cpu_platform": "",
                "node_group": "",
                "oauth_scopes": [
                  "https://www.googleapis.com/auth/cloud-platform"
                ],
                "preemptible": false,
                "reservation_affinity": [],
                "resource_labels": {
                  "goog-gke-node-pool-provisioning-model": "on-demand"
                },
                "service_account": "tf-gke-hello-gke-clust-f0td@go-gke-hello-app.iam.gserviceaccount.com",
                "shielded_instance_config": [
                  {
                    "enable_integrity_monitoring": true,
                    "enable_secure_boot": false
                  }
                ],
                "sole_tenant_config": [],
                "spot": false,
                "tags": [
                  "gke-hello-gke-cluster-development",
                  "gke-hello-gke-cluster-development-node-pool"
                ],
                "taint": [],
                "workload_metadata_config": [
                  {
                    "mode": "GKE_METADATA"
                  }
                ]
              }
            ],
            "node_count": 1,
            "node_locations": [
              "asia-southeast1-a"
            ],
            "operation": null,
            "placement_policy": [],
            "project": "go-gke-hello-app",
            "timeouts": {
              "create": "45m",
              "delete": "45m",
              "update": "45m"
            },
            "upgrade_settings": [
              {
                "blue_green_settings": [],
                "max_surge": 1,
                "max_unavailable": 0,
                "strategy": "SURGE"
              }
            ],
            "version": "1.32.1-gke.1729000"
          },
          "sensitive_attributes": [],
          "private": "eyJlMmJmYjczMC1lY2FhLTExZTYtOGY4OC0zNDM2M2JjN2M0YzAiOnsiY3JlYXRlIjoyNzAwMDAwMDAwMDAwLCJkZWxldGUiOjI3MDAwMDAwMDAwMDAsInVwZGF0ZSI6MjcwMDAwMDAwMDAwMH0sInNjaGVtYV92ZXJzaW9uIjoiMSJ9",
          "dependencies": [
            "module.gcp-network.module.subnets.google_compute_subnetwork.subnetwork",
            "module.gcp-network.module.vpc.google_compute_network.network",
            "module.gke.data.google_compute_zones.available",
            "module.gke.data.google_container_engine_versions.region",
            "module.gke.data.google_container_engine_versions.zone",
            "module.gke.google_container_cluster.primary",
            "module.gke.google_service_account.cluster_service_account",
            "module.gke.random_shuffle.available_zones",
            "module.gke.random_string.cluster_service_account_suffix"
          ]
        }
      ]
    },
    {
      "module": "module.gke",
      "mode": "managed",
      "type": "google_project_iam_member",
      "name": "cluster_service_account-log_writer",
      "provider": "provider[\"registry.terraform.io/hashicorp/google\"]",
      "instances": [
        {
          "index_key": 0,
          "schema_version": 0,
          "attributes": {
            "condition": [],
            "etag": "BwYvMM+UZ90=",
            "id": "go-gke-hello-app/roles/logging.logWriter/serviceAccount:tf-gke-hello-gke-clust-f0td@go-gke-hello-app.iam.gserviceaccount.com",
            "member": "serviceAccount:tf-gke-hello-gke-clust-f0td@go-gke-hello-app.iam.gserviceaccount.com",
            "project": "go-gke-hello-app",
            "role": "roles/logging.logWriter"
          },
          "sensitive_attributes": [],
          "private": "bnVsbA==",
          "dependencies": [
            "module.gke.google_service_account.cluster_service_account",
            "module.gke.random_string.cluster_service_account_suffix"
          ]
        }
      ]
    },
    {
      "module": "module.gke",
      "mode": "managed",
      "type": "google_project_iam_member",
      "name": "cluster_service_account-metric_writer",
      "provider": "provider[\"registry.terraform.io/hashicorp/google\"]",
      "instances": [
        {
          "index_key": 0,
          "schema_version": 0,
          "attributes": {
            "condition": [],
            "etag": "BwYvMNApv2w=",
            "id": "go-gke-hello-app/roles/monitoring.metricWriter/serviceAccount:tf-gke-hello-gke-clust-f0td@go-gke-hello-app.iam.gserviceaccount.com",
            "member": "serviceAccount:tf-gke-hello-gke-clust-f0td@go-gke-hello-app.iam.gserviceaccount.com",
            "project": "go-gke-hello-app",
            "role": "roles/monitoring.metricWriter"
          },
          "sensitive_attributes": [],
          "private": "bnVsbA==",
          "dependencies": [
            "module.gke.google_project_iam_member.cluster_service_account-log_writer",
            "module.gke.google_service_account.cluster_service_account",
            "module.gke.random_string.cluster_service_account_suffix"
          ]
        }
      ]
    },
    {
      "module": "module.gke",
      "mode": "managed",
      "type": "google_project_iam_member",
      "name": "cluster_service_account-monitoring_viewer",
      "provider": "provider[\"registry.terraform.io/hashicorp/google\"]",
      "instances": [
        {
          "index_key": 0,
          "schema_version": 0,
          "attributes": {
            "condition": [],
            "etag": "BwYvMNC8cMA=",
            "id": "go-gke-hello-app/roles/monitoring.viewer/serviceAccount:tf-gke-hello-gke-clust-f0td@go-gke-hello-app.iam.gserviceaccount.com",
            "member": "serviceAccount:tf-gke-hello-gke-clust-f0td@go-gke-hello-app.iam.gserviceaccount.com",
            "project": "go-gke-hello-app",
            "role": "roles/monitoring.viewer"
          },
          "sensitive_attributes": [],
          "private": "bnVsbA==",
          "dependencies": [
            "module.gke.google_project_iam_member.cluster_service_account-log_writer",
            "module.gke.google_project_iam_member.cluster_service_account-metric_writer",
            "module.gke.google_service_account.cluster_service_account",
            "module.gke.random_string.cluster_service_account_suffix"
          ]
        }
      ]
    },
    {
      "module": "module.gke",
      "mode": "managed",
      "type": "google_project_iam_member",
      "name": "cluster_service_account-resourceMetadata-writer",
      "provider": "provider[\"registry.terraform.io/hashicorp/google\"]",
      "instances": [
        {
          "index_key": 0,
          "schema_version": 0,
          "attributes": {
            "condition": [],
            "etag": "BwYvMNFRZDo=",
            "id": "go-gke-hello-app/roles/stackdriver.resourceMetadata.writer/serviceAccount:tf-gke-hello-gke-clust-f0td@go-gke-hello-app.iam.gserviceaccount.com",
            "member": "serviceAccount:tf-gke-hello-gke-clust-f0td@go-gke-hello-app.iam.gserviceaccount.com",
            "project": "go-gke-hello-app",
            "role": "roles/stackdriver.resourceMetadata.writer"
          },
          "sensitive_attributes": [],
          "private": "bnVsbA==",
          "dependencies": [
            "module.gke.google_project_iam_member.cluster_service_account-log_writer",
            "module.gke.google_project_iam_member.cluster_service_account-metric_writer",
            "module.gke.google_project_iam_member.cluster_service_account-monitoring_viewer",
            "module.gke.google_service_account.cluster_service_account",
            "module.gke.random_string.cluster_service_account_suffix"
          ]
        }
      ]
    },
    {
      "module": "module.gke",
      "mode": "managed",
      "type": "google_service_account",
      "name": "cluster_service_account",
      "provider": "provider[\"registry.terraform.io/hashicorp/google\"]",
      "instances": [
        {
          "index_key": 0,
          "schema_version": 0,
          "attributes": {
            "account_id": "tf-gke-hello-gke-clust-f0td",
            "description": "",
            "disabled": false,
            "display_name": "Terraform-managed service account for cluster hello-gke-cluster-development",
            "email": "tf-gke-hello-gke-clust-f0td@go-gke-hello-app.iam.gserviceaccount.com",
            "id": "projects/go-gke-hello-app/serviceAccounts/tf-gke-hello-gke-clust-f0td@go-gke-hello-app.iam.gserviceaccount.com",
            "member": "serviceAccount:tf-gke-hello-gke-clust-f0td@go-gke-hello-app.iam.gserviceaccount.com",
            "name": "projects/go-gke-hello-app/serviceAccounts/tf-gke-hello-gke-clust-f0td@go-gke-hello-app.iam.gserviceaccount.com",
            "project": "go-gke-hello-app",
            "timeouts": null,
            "unique_id": "117540965362225383139"
          },
          "sensitive_attributes": [],
          "private": "eyJlMmJmYjczMC1lY2FhLTExZTYtOGY4OC0zNDM2M2JjN2M0YzAiOnsiY3JlYXRlIjozMDAwMDAwMDAwMDB9fQ==",
          "dependencies": [
            "module.gke.random_string.cluster_service_account_suffix"
          ]
        }
      ]
    },
    {
      "module": "module.gke",
      "mode": "managed",
      "type": "random_shuffle",
      "name": "available_zones",
      "provider": "provider[\"registry.terraform.io/hashicorp/random\"]",
      "instances": [
        {
          "schema_version": 0,
          "attributes": {
            "id": "-",
            "input": [
              "asia-southeast1-a",
              "asia-southeast1-b",
              "asia-southeast1-c"
            ],
            "keepers": null,
            "result": [
              "asia-southeast1-a",
              "asia-southeast1-c",
              "asia-southeast1-b"
            ],
            "result_count": 3,
            "seed": null
          },
          "sensitive_attributes": [],
          "dependencies": [
            "module.gke.data.google_compute_zones.available"
          ]
        }
      ]
    },
    {
      "module": "module.gke",
      "mode": "managed",
      "type": "random_string",
      "name": "cluster_service_account_suffix",
      "provider": "provider[\"registry.terraform.io/hashicorp/random\"]",
      "instances": [
        {
          "schema_version": 2,
          "attributes": {
            "id": "f0td",
            "keepers": null,
            "length": 4,
            "lower": true,
            "min_lower": 0,
            "min_numeric": 0,
            "min_special": 0,
            "min_upper": 0,
            "number": true,
            "numeric": true,
            "override_special": null,
            "result": "f0td",
            "special": false,
            "upper": false
          },
          "sensitive_attributes": []
        }
      ]
    },
    {
      "module": "module.gke_auth",
      "mode": "data",
      "type": "google_client_config",
      "name": "provider",
      "provider": "provider[\"registry.terraform.io/hashicorp/google\"]",
      "instances": [
        {
          "schema_version": 0,
          "attributes": {
            "access_token": "ya29.a0AeXRPp6hTF8WlIXa9e-YhbM3vkQwmBGHeOPkB8MPS16OuOgggvD4YCu7BS3frP-QbsH2KWDDh_wJSGiUJvQ7o7yJ_SeqZXqqSmn54zqC-fsEJ4hpB1CJ0z8QRkfs-8Ek6nkPKwCiBhAK-FF5YUKiRaxB_0l1hF-Rz2mij3A5aCgYKAYgSARASFQHGX2Miutw7_mb81xn0OKpnd_TDrw0175",
            "id": "projects/\u003cnull\u003e/regions/\u003cnull\u003e/zones/\u003cnull\u003e",
            "project": null,
            "region": null,
            "zone": null
          },
          "sensitive_attributes": [
            [
              {
                "type": "get_attr",
                "value": "access_token"
              }
            ]
          ]
        }
      ]
    },
    {
      "module": "module.gke_auth",
      "mode": "data",
      "type": "google_container_cluster",
      "name": "gke_cluster",
      "provider": "provider[\"registry.terraform.io/hashicorp/google\"]",
      "instances": [
        {
          "schema_version": 0,
          "attributes": {
            "addons_config": [
              {
                "cloudrun_config": [],
                "config_connector_config": [],
                "dns_cache_config": [
                  {
                    "enabled": false
                  }
                ],
                "gce_persistent_disk_csi_driver_config": [
                  {
                    "enabled": true
                  }
                ],
                "gcp_filestore_csi_driver_config": [
                  {
                    "enabled": false
                  }
                ],
                "gcs_fuse_csi_driver_config": [],
                "gke_backup_agent_config": [],
                "horizontal_pod_autoscaling": [
                  {
                    "disabled": false
                  }
                ],
                "http_load_balancing": [
                  {
                    "disabled": false
                  }
                ],
                "network_policy_config": [
                  {
                    "disabled": true
                  }
                ]
              }
            ],
            "allow_net_admin": null,
            "authenticator_groups_config": [],
            "binary_authorization": [
              {
                "enabled": false,
                "evaluation_mode": ""
              }
            ],
            "cluster_autoscaling": [
              {
                "auto_provisioning_defaults": [],
                "enabled": false,
                "resource_limits": []
              }
            ],
            "cluster_ipv4_cidr": "10.20.0.0/16",
            "confidential_nodes": [],
            "cost_management_config": [],
            "database_encryption": [
              {
                "key_name": "",
                "state": "DECRYPTED"
              }
            ],
            "datapath_provider": "",
            "default_max_pods_per_node": 110,
            "default_snat_status": [
              {
                "disabled": false
              }
            ],
            "description": "",
            "dns_config": [],
            "enable_autopilot": false,
            "enable_binary_authorization": false,
            "enable_intranode_visibility": false,
            "enable_k8s_beta_apis": [],
            "enable_kubernetes_alpha": false,
            "enable_l4_ilb_subsetting": false,
            "enable_legacy_abac": false,
            "enable_shielded_nodes": true,
            "enable_tpu": false,
            "endpoint": "34.87.99.110",
            "gateway_api_config": [],
            "id": "projects/go-gke-hello-app/locations/asia-southeast1/clusters/hello-gke-cluster-development",
            "initial_node_count": 0,
            "ip_allocation_policy": [
              {
                "additional_pod_ranges_config": [],
                "cluster_ipv4_cidr_block": "10.20.0.0/16",
                "cluster_secondary_range_name": "ip-range-pods",
                "pod_cidr_overprovision_config": [
                  {
                    "disabled": false
                  }
                ],
                "services_ipv4_cidr_block": "10.30.0.0/16",
                "services_secondary_range_name": "ip-range-services",
                "stack_type": "IPV4"
              }
            ],
            "label_fingerprint": "a9dc16a7",
            "location": "asia-southeast1",
            "logging_config": [
              {
                "enable_components": [
                  "SYSTEM_COMPONENTS",
                  "WORKLOADS"
                ]
              }
            ],
            "logging_service": "logging.googleapis.com/kubernetes",
            "maintenance_policy": [
              {
                "daily_maintenance_window": [
                  {
                    "duration": "PT4H0M0S",
                    "start_time": "05:00"
                  }
                ],
                "maintenance_exclusion": [],
                "recurring_window": []
              }
            ],
            "master_auth": [
              {
                "client_certificate": "",
                "client_certificate_config": [
                  {
                    "issue_client_certificate": false
                  }
                ],
                "client_key": "",
                "cluster_ca_certificate": "LS0tLS1CRUdJTiBDRVJUSUZJQ0FURS0tLS0tCk1JSUVMRENDQXBTZ0F3SUJBZ0lRY0NpMWFOZ3dzR0RGRVNVSE9ldWMwREFOQmdrcWhraUc5dzBCQVFzRkFEQXYKTVMwd0t3WURWUVFERXlRd1pEVTNZakE1T0Mwek56QmtMVFJpTkRBdE9HWmlOUzFrTkdKa05qWTRabVExTlRndwpJQmNOTWpVd01qSTRNRGcxTmpRMldoZ1BNakExTlRBeU1qRXdPVFUyTkRaYU1DOHhMVEFyQmdOVkJBTVRKREJrCk5UZGlNRGs0TFRNM01HUXROR0kwTUMwNFptSTFMV1EwWW1RMk5qaG1aRFUxT0RDQ0FhSXdEUVlKS29aSWh2Y04KQVFFQkJRQURnZ0dQQURDQ0FZb0NnZ0dCQU5SM24ySlJjZHZicTFCTDRaZFlIdlFxUmR2V2EzRkxDZGQ1dk5Wdgo3WWcySUpwelE0Zi9SWEtrMW82TjdZNndVRW5wRzdWRUR0bklwNXc4T3lnTkt6T29vbU5IdWdBYm1NVmZ4cHRPClc3dnNEWU44dlRrVkFxalNrNUVQU2MwcjJ5d2QyNkdPME92azlwcU1xVWhGR1dMc1FBV0JRUWNmSVFibHJIZVIKT0orZkUrbkxlSFNQME1oUlVFbkZnOU9qZ3pUbVRwWk9XY0pvdnBKSXUvQUNHc2lrOFdpeEJNUW9LTWlJTkUvaApZbk9HZWRKaXZvTU9pdWhseEJLdlNUNmpHb0JZaXJZMnRmVjczaGhFOGozSmhFbFdUTVptN1ZXOUNlQ2YzeFR3Ci9kKzdwZWQ5amZSLzNScmJUNHZkdzVubU9IMkRDc0UwQ0JJV0NCSVVOempEaFZkc1RLeW91dkZscFNnaW5zRW4KRFZmNzZuOGo3eWFDdVZQY24vUTdYblMyTS9qTjVXVm00Ym9ZOXVudFVHaXozZ0luTzVFbkc0TzJ0TnJQQmttLwo1RDlBUUF0NEQyQ3J6bzFuTmVNMWhxME85aXZ1a1VxNStZUEw4UWVXblBHQzIzdWd4c0dUZkF5Qko4NmtpTkdOCnIvQWppT2JHbjY4YzRyTmtqRm1SWm84K2J3SURBUUFCbzBJd1FEQU9CZ05WSFE4QkFmOEVCQU1DQWdRd0R3WUQKVlIwVEFRSC9CQVV3QXdFQi96QWRCZ05WSFE0RUZnUVVTakVlY0RjaUN1NFFUSmlzbXB5aFFqNlZNR0F3RFFZSgpLb1pJaHZjTkFRRUxCUUFEZ2dHQkFEMmNlUjRNamcwcmtRTnZOc21zckF3SlVuZEE1LzVsUzMwb3B2TjBsL25NCm1ndDE2Y1ZtV1JPc1BlU0JybzJsK3dzNUh0dGV1bVY2Y3JqSzNwUVl4RU5kekZMdkZ4bzFJZU52bmgyOEFlT2oKZkFYZVovWmtRS0pTQ0Z3eEJ0dVFvQ3VaTmQ1NWV2Vjl4a0c5cVFWeW1oR3VPb1NyVHZ2akUxUXVycjRoekdmRgpGU096OHhnMVZRbXRJb3UxQ1k2K3dONnhKZTJqU1FNTXVmTWtwWHFjaTZ0T1NaQTFpaldXb2x3eHlSejRlaVJWCkozNGd4YXNxcVZlTitRVi9QMGNGUU02R2ZWTERkUGFUVG1VSXNmbnpLZmNOSEN6amdhV1BkVUxibWR3RXNTUkIKMlV4eW1wZWJHZTU4MW40RW02NFk4NXQxSXBhRnhRSjhQU0Y3U2xwaHlVMkZVdlVCRTd4TzlwQ3JvVHFLdXVCOQoxWm52RUZaVExXTkE0TTJyS1UwVTh6b0E0bTRnNFNha1d3VGFtd2tZSnpISlB6dDZsYml0Z053SkN4ZUF4WTJjCk5EMnJPY2R4cFYyOWV2eEYxZUxDVzRRc3lBZlR0KzhpQUJHNGFSa1JBdmlHR256TW9rcXd4QlhZbUY0ZFZrQzgKSzh5ZEV6bUZSWG5kZXZoWlJraEFrUT09Ci0tLS0tRU5EIENFUlRJRklDQVRFLS0tLS0K"
              }
            ],
            "master_authorized_networks_config": [],
            "master_version": "1.32.1-gke.1729000",
            "mesh_certificates": [],
            "min_master_version": null,
            "monitoring_config": [
              {
                "advanced_datapath_observability_config": [
                  {
                    "enable_metrics": false,
                    "relay_mode": ""
                  }
                ],
                "enable_components": [
                  "SYSTEM_COMPONENTS",
                  "HPA",
                  "POD",
                  "DAEMONSET",
                  "DEPLOYMENT",
                  "STATEFULSET",
                  "STORAGE",
                  "CADVISOR",
                  "KUBELET",
                  "DCGM"
                ],
                "managed_prometheus": [
                  {
                    "enabled": true
                  }
                ]
              }
            ],
            "monitoring_service": "monitoring.googleapis.com/kubernetes",
            "name": "hello-gke-cluster-development",
            "network": "projects/go-gke-hello-app/global/networks/gke-network-development",
            "network_policy": [
              {
                "enabled": false,
                "provider": "PROVIDER_UNSPECIFIED"
              }
            ],
            "networking_mode": "VPC_NATIVE",
            "node_config": [
              {
                "advanced_machine_features": [],
                "boot_disk_kms_key": "",
                "confidential_nodes": [],
                "disk_size_gb": 100,
                "disk_type": "pd-balanced",
                "ephemeral_storage_local_ssd_config": [],
                "fast_socket": [],
                "gcfs_config": [],
                "guest_accelerator": [],
                "gvnic": [],
                "host_maintenance_policy": [],
                "image_type": "COS_CONTAINERD",
                "kubelet_config": [
                  {
                    "cpu_cfs_quota": false,
                    "cpu_cfs_quota_period": "",
                    "cpu_manager_policy": "",
                    "pod_pids_limit": 0
                  }
                ],
                "labels": {},
                "linux_node_config": [],
                "local_nvme_ssd_block_config": [],
                "local_ssd_count": 0,
                "logging_variant": "DEFAULT",
                "machine_type": "e2-medium",
                "metadata": {
                  "disable-legacy-endpoints": "true"
                },
                "min_cpu_platform": "",
                "node_group": "",
                "oauth_scopes": [
                  "https://www.googleapis.com/auth/cloud-platform",
                  "https://www.googleapis.com/auth/userinfo.email"
                ],
                "preemptible": false,
                "reservation_affinity": [],
                "resource_labels": {
                  "goog-gke-node-pool-provisioning-model": "on-demand"
                },
                "service_account": "tf-gke-hello-gke-clust-f0td@go-gke-hello-app.iam.gserviceaccount.com",
                "shielded_instance_config": [
                  {
                    "enable_integrity_monitoring": true,
                    "enable_secure_boot": false
                  }
                ],
                "sole_tenant_config": [],
                "spot": false,
                "tags": [
                  "gke-hello-gke-cluster-development",
                  "gke-hello-gke-cluster-development-default-pool"
                ],
                "taint": [],
                "workload_metadata_config": [
                  {
                    "mode": "GKE_METADATA"
                  }
                ]
              }
            ],
            "node_locations": [
              "asia-southeast1-a",
              "asia-southeast1-b",
              "asia-southeast1-c"
            ],
            "node_pool": [
              {
                "autoscaling": [],
                "initial_node_count": 0,
                "instance_group_urls": [
                  "https://www.googleapis.com/compute/v1/projects/go-gke-hello-app/zones/asia-southeast1-a/instanceGroupManagers/gke-hello-gke-cluster-de-default-pool-b9bcdf9b-grp",
                  "https://www.googleapis.com/compute/v1/projects/go-gke-hello-app/zones/asia-southeast1-b/instanceGroupManagers/gke-hello-gke-cluster-de-default-pool-a0147981-grp",
                  "https://www.googleapis.com/compute/v1/projects/go-gke-hello-app/zones/asia-southeast1-c/instanceGroupManagers/gke-hello-gke-cluster-de-default-pool-9508a622-grp"
                ],
                "managed_instance_group_urls": [
                  "https://www.googleapis.com/compute/v1/projects/go-gke-hello-app/zones/asia-southeast1-a/instanceGroups/gke-hello-gke-cluster-de-default-pool-b9bcdf9b-grp",
                  "https://www.googleapis.com/compute/v1/projects/go-gke-hello-app/zones/asia-southeast1-b/instanceGroups/gke-hello-gke-cluster-de-default-pool-a0147981-grp",
                  "https://www.googleapis.com/compute/v1/projects/go-gke-hello-app/zones/asia-southeast1-c/instanceGroups/gke-hello-gke-cluster-de-default-pool-9508a622-grp"
                ],
                "management": [
                  {
                    "auto_repair": true,
                    "auto_upgrade": true
                  }
                ],
                "max_pods_per_node": 110,
                "name": "default-pool",
                "name_prefix": "",
                "network_config": [
                  {
                    "create_pod_range": false,
                    "enable_private_nodes": false,
                    "pod_cidr_overprovision_config": [],
                    "pod_ipv4_cidr_block": "10.20.0.0/16",
                    "pod_range": "ip-range-pods"
                  }
                ],
                "node_config": [
                  {
                    "advanced_machine_features": [],
                    "boot_disk_kms_key": "",
                    "confidential_nodes": [],
                    "disk_size_gb": 100,
                    "disk_type": "pd-balanced",
                    "ephemeral_storage_local_ssd_config": [],
                    "fast_socket": [],
                    "gcfs_config": [],
                    "guest_accelerator": [],
                    "gvnic": [],
                    "host_maintenance_policy": [],
                    "image_type": "COS_CONTAINERD",
                    "kubelet_config": [
                      {
                        "cpu_cfs_quota": false,
                        "cpu_cfs_quota_period": "",
                        "cpu_manager_policy": "",
                        "pod_pids_limit": 0
                      }
                    ],
                    "labels": {},
                    "linux_node_config": [],
                    "local_nvme_ssd_block_config": [],
                    "local_ssd_count": 0,
                    "logging_variant": "DEFAULT",
                    "machine_type": "e2-medium",
                    "metadata": {
                      "disable-legacy-endpoints": "true"
                    },
                    "min_cpu_platform": "",
                    "node_group": "",
                    "oauth_scopes": [
                      "https://www.googleapis.com/auth/cloud-platform",
                      "https://www.googleapis.com/auth/userinfo.email"
                    ],
                    "preemptible": false,
                    "reservation_affinity": [],
                    "resource_labels": {
                      "goog-gke-node-pool-provisioning-model": "on-demand"
                    },
                    "service_account": "tf-gke-hello-gke-clust-f0td@go-gke-hello-app.iam.gserviceaccount.com",
                    "shielded_instance_config": [
                      {
                        "enable_integrity_monitoring": true,
                        "enable_secure_boot": false
                      }
                    ],
                    "sole_tenant_config": [],
                    "spot": false,
                    "tags": [
                      "gke-hello-gke-cluster-development",
                      "gke-hello-gke-cluster-development-default-pool"
                    ],
                    "taint": [],
                    "workload_metadata_config": [
                      {
                        "mode": "GKE_METADATA"
                      }
                    ]
                  }
                ],
                "node_count": 0,
                "node_locations": [
                  "asia-southeast1-a",
                  "asia-southeast1-b",
                  "asia-southeast1-c"
                ],
                "placement_policy": [],
                "upgrade_settings": [
                  {
                    "blue_green_settings": [],
                    "max_surge": 1,
                    "max_unavailable": 0,
                    "strategy": "SURGE"
                  }
                ],
                "version": "1.32.1-gke.1729000"
              },
              {
                "autoscaling": [
                  {
                    "location_policy": "BALANCED",
                    "max_node_count": 2,
                    "min_node_count": 1,
                    "total_max_node_count": 0,
                    "total_min_node_count": 0
                  }
                ],
                "initial_node_count": 1,
                "instance_group_urls": [
                  "https://www.googleapis.com/compute/v1/projects/go-gke-hello-app/zones/asia-southeast1-a/instanceGroupManagers/gke-hello-gke-cluster-devel-node-pool-949941f1-grp"
                ],
                "managed_instance_group_urls": [
                  "https://www.googleapis.com/compute/v1/projects/go-gke-hello-app/zones/asia-southeast1-a/instanceGroups/gke-hello-gke-cluster-devel-node-pool-949941f1-grp"
                ],
                "management": [
                  {
                    "auto_repair": true,
                    "auto_upgrade": true
                  }
                ],
                "max_pods_per_node": 110,
                "name": "node-pool",
                "name_prefix": "",
                "network_config": [
                  {
                    "create_pod_range": false,
                    "enable_private_nodes": false,
                    "pod_cidr_overprovision_config": [],
                    "pod_ipv4_cidr_block": "10.20.0.0/16",
                    "pod_range": "ip-range-pods"
                  }
                ],
                "node_config": [
                  {
                    "advanced_machine_features": [],
                    "boot_disk_kms_key": "",
                    "confidential_nodes": [],
                    "disk_size_gb": 30,
                    "disk_type": "pd-standard",
                    "ephemeral_storage_local_ssd_config": [],
                    "fast_socket": [],
                    "gcfs_config": [],
                    "guest_accelerator": [],
                    "gvnic": [],
                    "host_maintenance_policy": [],
                    "image_type": "COS_CONTAINERD",
                    "kubelet_config": [
                      {
                        "cpu_cfs_quota": false,
                        "cpu_cfs_quota_period": "",
                        "cpu_manager_policy": "",
                        "pod_pids_limit": 0
                      }
                    ],
                    "labels": {
                      "cluster_name": "hello-gke-cluster-development",
                      "node_pool": "node-pool"
                    },
                    "linux_node_config": [],
                    "local_nvme_ssd_block_config": [],
                    "local_ssd_count": 0,
                    "logging_variant": "DEFAULT",
                    "machine_type": "e2-medium",
                    "metadata": {
                      "cluster_name": "hello-gke-cluster-development",
                      "disable-legacy-endpoints": "true",
                      "node_pool": "node-pool"
                    },
                    "min_cpu_platform": "",
                    "node_group": "",
                    "oauth_scopes": [
                      "https://www.googleapis.com/auth/cloud-platform"
                    ],
                    "preemptible": false,
                    "reservation_affinity": [],
                    "resource_labels": {
                      "goog-gke-node-pool-provisioning-model": "on-demand"
                    },
                    "service_account": "tf-gke-hello-gke-clust-f0td@go-gke-hello-app.iam.gserviceaccount.com",
                    "shielded_instance_config": [
                      {
                        "enable_integrity_monitoring": true,
                        "enable_secure_boot": false
                      }
                    ],
                    "sole_tenant_config": [],
                    "spot": false,
                    "tags": [
                      "gke-hello-gke-cluster-development",
                      "gke-hello-gke-cluster-development-node-pool"
                    ],
                    "taint": [],
                    "workload_metadata_config": [
                      {
                        "mode": "GKE_METADATA"
                      }
                    ]
                  }
                ],
                "node_count": 1,
                "node_locations": [
                  "asia-southeast1-a"
                ],
                "placement_policy": [],
                "upgrade_settings": [
                  {
                    "blue_green_settings": [],
                    "max_surge": 1,
                    "max_unavailable": 0,
                    "strategy": "SURGE"
                  }
                ],
                "version": "1.32.1-gke.1729000"
              }
            ],
            "node_pool_auto_config": [
              {
                "network_tags": null
              }
            ],
            "node_pool_defaults": [
              {
                "node_config_defaults": [
                  {
                    "logging_variant": "DEFAULT"
                  }
                ]
              }
            ],
            "node_version": "1.32.1-gke.1729000",
            "notification_config": [
              {
                "pubsub": [
                  {
                    "enabled": false,
                    "filter": [],
                    "topic": ""
                  }
                ]
              }
            ],
            "operation": null,
            "private_cluster_config": [
              {
                "enable_private_endpoint": false,
                "enable_private_nodes": false,
                "master_global_access_config": [
                  {
                    "enabled": false
                  }
                ],
                "master_ipv4_cidr_block": "",
                "peering_name": "",
                "private_endpoint": "10.10.0.2",
                "private_endpoint_subnetwork": "",
                "public_endpoint": "34.87.99.110"
              }
            ],
            "private_ipv6_google_access": "",
            "project": "go-gke-hello-app",
            "release_channel": [
              {
                "channel": "REGULAR"
              }
            ],
            "remove_default_node_pool": null,
            "resource_labels": {},
            "resource_usage_export_config": [],
            "security_posture_config": [
              {
                "mode": "BASIC",
                "vulnerability_mode": "VULNERABILITY_MODE_UNSPECIFIED"
              }
            ],
            "self_link": "https://container.googleapis.com/v1/projects/go-gke-hello-app/locations/asia-southeast1/clusters/hello-gke-cluster-development",
            "service_external_ips_config": [
              {
                "enabled": false
              }
            ],
            "services_ipv4_cidr": "10.30.0.0/16",
            "subnetwork": "projects/go-gke-hello-app/regions/asia-southeast1/subnetworks/gke-subnet-development",
            "tpu_ipv4_cidr_block": "",
            "vertical_pod_autoscaling": [
              {
                "enabled": false
              }
            ],
            "workload_identity_config": [
              {
                "workload_pool": "go-gke-hello-app.svc.id.goog"
              }
            ]
          },
          "sensitive_attributes": []
        }
      ]
    }
  ],
  "check_results": [
    {
      "object_kind": "var",
      "config_addr": "module.gke.var.timeouts",
      "status": "pass",
      "objects": [
        {
          "object_addr": "module.gke.var.timeouts",
          "status": "pass"
        }
      ]
    },
    {
      "object_kind": "var",
      "config_addr": "module.gke.var.node_metadata",
      "status": "pass",
      "objects": [
        {
          "object_addr": "module.gke.var.node_metadata",
          "status": "pass"
        }
      ]
    }
  ]
}
